// !$*UTF8*$!
{
	archiveVersion = 1;
	classes = {
	};
	objectVersion = 50;
	objects = {

/* Begin PBXBuildFile section */
		9DA5B0E322AAA6AF005F7723 /* RecipesModulePresenter.swift in Sources */ = {isa = PBXBuildFile; fileRef = 9DA5B0D422AAA6AF005F7723 /* RecipesModulePresenter.swift */; };
		9DA5B0E422AAA6AF005F7723 /* RecipesModuleViewInput.swift in Sources */ = {isa = PBXBuildFile; fileRef = 9DA5B0D622AAA6AF005F7723 /* RecipesModuleViewInput.swift */; };
		9DA5B0E522AAA6AF005F7723 /* RecipesModuleViewOutput.swift in Sources */ = {isa = PBXBuildFile; fileRef = 9DA5B0D722AAA6AF005F7723 /* RecipesModuleViewOutput.swift */; };
		9DA5B0E622AAA6AF005F7723 /* RecipesModuleViewController.swift in Sources */ = {isa = PBXBuildFile; fileRef = 9DA5B0D822AAA6AF005F7723 /* RecipesModuleViewController.swift */; };
		9DA5B0E722AAA6AF005F7723 /* RecipesModuleConfigurator.swift in Sources */ = {isa = PBXBuildFile; fileRef = 9DA5B0DA22AAA6AF005F7723 /* RecipesModuleConfigurator.swift */; };
		9DA5B0E822AAA6AF005F7723 /* RecipesModuleInitializer.swift in Sources */ = {isa = PBXBuildFile; fileRef = 9DA5B0DB22AAA6AF005F7723 /* RecipesModuleInitializer.swift */; };
		9DA5B0E922AAA6AF005F7723 /* RecipesModuleInteractorOutput.swift in Sources */ = {isa = PBXBuildFile; fileRef = 9DA5B0DD22AAA6AF005F7723 /* RecipesModuleInteractorOutput.swift */; };
		9DA5B0EA22AAA6AF005F7723 /* RecipesModuleInteractor.swift in Sources */ = {isa = PBXBuildFile; fileRef = 9DA5B0DE22AAA6AF005F7723 /* RecipesModuleInteractor.swift */; };
		9DA5B0EB22AAA6AF005F7723 /* RecipesModuleInteractorInput.swift in Sources */ = {isa = PBXBuildFile; fileRef = 9DA5B0DF22AAA6AF005F7723 /* RecipesModuleInteractorInput.swift */; };
		9DA5B0EC22AAA6AF005F7723 /* RecipesModuleRouterInput.swift in Sources */ = {isa = PBXBuildFile; fileRef = 9DA5B0E122AAA6AF005F7723 /* RecipesModuleRouterInput.swift */; };
		9DA5B0ED22AAA6AF005F7723 /* RecipesModuleRouter.swift in Sources */ = {isa = PBXBuildFile; fileRef = 9DA5B0E222AAA6AF005F7723 /* RecipesModuleRouter.swift */; };
		9DA5B10922AAABFE005F7723 /* RecipesModulePresenterTests.swift in Sources */ = {isa = PBXBuildFile; fileRef = 9DA5B10022AAABFE005F7723 /* RecipesModulePresenterTests.swift */; };
		9DA5B10A22AAABFE005F7723 /* RecipesModuleViewTests.swift in Sources */ = {isa = PBXBuildFile; fileRef = 9DA5B10222AAABFE005F7723 /* RecipesModuleViewTests.swift */; };
		9DA5B10B22AAABFE005F7723 /* RecipesModuleConfiguratorTests.swift in Sources */ = {isa = PBXBuildFile; fileRef = 9DA5B10422AAABFE005F7723 /* RecipesModuleConfiguratorTests.swift */; };
		9DA5B10C22AAABFE005F7723 /* RecipesModuleInteractorTests.swift in Sources */ = {isa = PBXBuildFile; fileRef = 9DA5B10622AAABFE005F7723 /* RecipesModuleInteractorTests.swift */; };
		9DA5B10D22AAABFE005F7723 /* RecipesModuleRouterTests.swift in Sources */ = {isa = PBXBuildFile; fileRef = 9DA5B10822AAABFE005F7723 /* RecipesModuleRouterTests.swift */; };
		9DE3A5AE22574BBB00545750 /* AppDelegate.swift in Sources */ = {isa = PBXBuildFile; fileRef = 9DE3A5AD22574BBB00545750 /* AppDelegate.swift */; };
		9DE3A5B322574BBB00545750 /* Main.storyboard in Resources */ = {isa = PBXBuildFile; fileRef = 9DE3A5B122574BBB00545750 /* Main.storyboard */; };
		9DE3A5B522574BBD00545750 /* Assets.xcassets in Resources */ = {isa = PBXBuildFile; fileRef = 9DE3A5B422574BBD00545750 /* Assets.xcassets */; };
		9DE3A5B822574BBD00545750 /* LaunchScreen.storyboard in Resources */ = {isa = PBXBuildFile; fileRef = 9DE3A5B622574BBD00545750 /* LaunchScreen.storyboard */; };
		9DE3A5CE22574BBD00545750 /* ViperArchitectureUITests.swift in Sources */ = {isa = PBXBuildFile; fileRef = 9DE3A5CD22574BBD00545750 /* ViperArchitectureUITests.swift */; };
		9DE3A653225782FD00545750 /* Recipe.swift in Sources */ = {isa = PBXBuildFile; fileRef = 9DE3A652225782FD00545750 /* Recipe.swift */; };
		9DE3A65B22578EA000545750 /* BaseNetwork.swift in Sources */ = {isa = PBXBuildFile; fileRef = 9DE3A65922578EA000545750 /* BaseNetwork.swift */; };
		9DE3A65C22578EA000545750 /* NetworkRequester.swift in Sources */ = {isa = PBXBuildFile; fileRef = 9DE3A65A22578EA000545750 /* NetworkRequester.swift */; };
		9DE3A65F2257909A00545750 /* Dictionary.swift in Sources */ = {isa = PBXBuildFile; fileRef = 9DE3A65D2257909A00545750 /* Dictionary.swift */; };
		9DE3A6602257909A00545750 /* String.swift in Sources */ = {isa = PBXBuildFile; fileRef = 9DE3A65E2257909A00545750 /* String.swift */; };
/* End PBXBuildFile section */

/* Begin PBXContainerItemProxy section */
		9DE3A5BF22574BBD00545750 /* PBXContainerItemProxy */ = {
			isa = PBXContainerItemProxy;
			containerPortal = 9DE3A5A222574BBB00545750 /* Project object */;
			proxyType = 1;
			remoteGlobalIDString = 9DE3A5A922574BBB00545750;
			remoteInfo = ViperArchitecture;
		};
		9DE3A5CA22574BBD00545750 /* PBXContainerItemProxy */ = {
			isa = PBXContainerItemProxy;
			containerPortal = 9DE3A5A222574BBB00545750 /* Project object */;
			proxyType = 1;
			remoteGlobalIDString = 9DE3A5A922574BBB00545750;
			remoteInfo = ViperArchitecture;
		};
/* End PBXContainerItemProxy section */

/* Begin PBXFileReference section */
		9DA5B0D422AAA6AF005F7723 /* RecipesModulePresenter.swift */ = {isa = PBXFileReference; fileEncoding = 4; lastKnownFileType = sourcecode.swift; path = RecipesModulePresenter.swift; sourceTree = "<group>"; };
		9DA5B0D622AAA6AF005F7723 /* RecipesModuleViewInput.swift */ = {isa = PBXFileReference; fileEncoding = 4; lastKnownFileType = sourcecode.swift; path = RecipesModuleViewInput.swift; sourceTree = "<group>"; };
		9DA5B0D722AAA6AF005F7723 /* RecipesModuleViewOutput.swift */ = {isa = PBXFileReference; fileEncoding = 4; lastKnownFileType = sourcecode.swift; path = RecipesModuleViewOutput.swift; sourceTree = "<group>"; };
		9DA5B0D822AAA6AF005F7723 /* RecipesModuleViewController.swift */ = {isa = PBXFileReference; fileEncoding = 4; lastKnownFileType = sourcecode.swift; path = RecipesModuleViewController.swift; sourceTree = "<group>"; };
		9DA5B0DA22AAA6AF005F7723 /* RecipesModuleConfigurator.swift */ = {isa = PBXFileReference; fileEncoding = 4; lastKnownFileType = sourcecode.swift; path = RecipesModuleConfigurator.swift; sourceTree = "<group>"; };
		9DA5B0DB22AAA6AF005F7723 /* RecipesModuleInitializer.swift */ = {isa = PBXFileReference; fileEncoding = 4; lastKnownFileType = sourcecode.swift; path = RecipesModuleInitializer.swift; sourceTree = "<group>"; };
		9DA5B0DD22AAA6AF005F7723 /* RecipesModuleInteractorOutput.swift */ = {isa = PBXFileReference; fileEncoding = 4; lastKnownFileType = sourcecode.swift; path = RecipesModuleInteractorOutput.swift; sourceTree = "<group>"; };
		9DA5B0DE22AAA6AF005F7723 /* RecipesModuleInteractor.swift */ = {isa = PBXFileReference; fileEncoding = 4; lastKnownFileType = sourcecode.swift; path = RecipesModuleInteractor.swift; sourceTree = "<group>"; };
		9DA5B0DF22AAA6AF005F7723 /* RecipesModuleInteractorInput.swift */ = {isa = PBXFileReference; fileEncoding = 4; lastKnownFileType = sourcecode.swift; path = RecipesModuleInteractorInput.swift; sourceTree = "<group>"; };
		9DA5B0E122AAA6AF005F7723 /* RecipesModuleRouterInput.swift */ = {isa = PBXFileReference; fileEncoding = 4; lastKnownFileType = sourcecode.swift; path = RecipesModuleRouterInput.swift; sourceTree = "<group>"; };
		9DA5B0E222AAA6AF005F7723 /* RecipesModuleRouter.swift */ = {isa = PBXFileReference; fileEncoding = 4; lastKnownFileType = sourcecode.swift; path = RecipesModuleRouter.swift; sourceTree = "<group>"; };
		9DA5B10022AAABFE005F7723 /* RecipesModulePresenterTests.swift */ = {isa = PBXFileReference; fileEncoding = 4; lastKnownFileType = sourcecode.swift; path = RecipesModulePresenterTests.swift; sourceTree = "<group>"; };
		9DA5B10222AAABFE005F7723 /* RecipesModuleViewTests.swift */ = {isa = PBXFileReference; fileEncoding = 4; lastKnownFileType = sourcecode.swift; path = RecipesModuleViewTests.swift; sourceTree = "<group>"; };
		9DA5B10422AAABFE005F7723 /* RecipesModuleConfiguratorTests.swift */ = {isa = PBXFileReference; fileEncoding = 4; lastKnownFileType = sourcecode.swift; path = RecipesModuleConfiguratorTests.swift; sourceTree = "<group>"; };
		9DA5B10622AAABFE005F7723 /* RecipesModuleInteractorTests.swift */ = {isa = PBXFileReference; fileEncoding = 4; lastKnownFileType = sourcecode.swift; path = RecipesModuleInteractorTests.swift; sourceTree = "<group>"; };
		9DA5B10822AAABFE005F7723 /* RecipesModuleRouterTests.swift */ = {isa = PBXFileReference; fileEncoding = 4; lastKnownFileType = sourcecode.swift; path = RecipesModuleRouterTests.swift; sourceTree = "<group>"; };
		9DE3A5AA22574BBB00545750 /* ViperArchitecture.app */ = {isa = PBXFileReference; explicitFileType = wrapper.application; includeInIndex = 0; path = ViperArchitecture.app; sourceTree = BUILT_PRODUCTS_DIR; };
		9DE3A5AD22574BBB00545750 /* AppDelegate.swift */ = {isa = PBXFileReference; lastKnownFileType = sourcecode.swift; path = AppDelegate.swift; sourceTree = "<group>"; };
		9DE3A5B222574BBB00545750 /* Base */ = {isa = PBXFileReference; lastKnownFileType = file.storyboard; name = Base; path = Base.lproj/Main.storyboard; sourceTree = "<group>"; };
		9DE3A5B422574BBD00545750 /* Assets.xcassets */ = {isa = PBXFileReference; lastKnownFileType = folder.assetcatalog; path = Assets.xcassets; sourceTree = "<group>"; };
		9DE3A5B722574BBD00545750 /* Base */ = {isa = PBXFileReference; lastKnownFileType = file.storyboard; name = Base; path = Base.lproj/LaunchScreen.storyboard; sourceTree = "<group>"; };
		9DE3A5B922574BBD00545750 /* Info.plist */ = {isa = PBXFileReference; lastKnownFileType = text.plist.xml; path = Info.plist; sourceTree = "<group>"; };
		9DE3A5BE22574BBD00545750 /* ViperArchitectureTests.xctest */ = {isa = PBXFileReference; explicitFileType = wrapper.cfbundle; includeInIndex = 0; path = ViperArchitectureTests.xctest; sourceTree = BUILT_PRODUCTS_DIR; };
		9DE3A5C422574BBD00545750 /* Info.plist */ = {isa = PBXFileReference; lastKnownFileType = text.plist.xml; path = Info.plist; sourceTree = "<group>"; };
		9DE3A5C922574BBD00545750 /* ViperArchitectureUITests.xctest */ = {isa = PBXFileReference; explicitFileType = wrapper.cfbundle; includeInIndex = 0; path = ViperArchitectureUITests.xctest; sourceTree = BUILT_PRODUCTS_DIR; };
		9DE3A5CD22574BBD00545750 /* ViperArchitectureUITests.swift */ = {isa = PBXFileReference; lastKnownFileType = sourcecode.swift; path = ViperArchitectureUITests.swift; sourceTree = "<group>"; };
		9DE3A5CF22574BBD00545750 /* Info.plist */ = {isa = PBXFileReference; lastKnownFileType = text.plist.xml; path = Info.plist; sourceTree = "<group>"; };
		9DE3A652225782FD00545750 /* Recipe.swift */ = {isa = PBXFileReference; lastKnownFileType = sourcecode.swift; path = Recipe.swift; sourceTree = "<group>"; };
		9DE3A65922578EA000545750 /* BaseNetwork.swift */ = {isa = PBXFileReference; fileEncoding = 4; lastKnownFileType = sourcecode.swift; path = BaseNetwork.swift; sourceTree = "<group>"; };
		9DE3A65A22578EA000545750 /* NetworkRequester.swift */ = {isa = PBXFileReference; fileEncoding = 4; lastKnownFileType = sourcecode.swift; path = NetworkRequester.swift; sourceTree = "<group>"; };
		9DE3A65D2257909A00545750 /* Dictionary.swift */ = {isa = PBXFileReference; fileEncoding = 4; lastKnownFileType = sourcecode.swift; path = Dictionary.swift; sourceTree = "<group>"; };
		9DE3A65E2257909A00545750 /* String.swift */ = {isa = PBXFileReference; fileEncoding = 4; lastKnownFileType = sourcecode.swift; path = String.swift; sourceTree = "<group>"; };
/* End PBXFileReference section */

/* Begin PBXFrameworksBuildPhase section */
		9DE3A5A722574BBB00545750 /* Frameworks */ = {
			isa = PBXFrameworksBuildPhase;
			buildActionMask = 2147483647;
			files = (
			);
			runOnlyForDeploymentPostprocessing = 0;
		};
		9DE3A5BB22574BBD00545750 /* Frameworks */ = {
			isa = PBXFrameworksBuildPhase;
			buildActionMask = 2147483647;
			files = (
			);
			runOnlyForDeploymentPostprocessing = 0;
		};
		9DE3A5C622574BBD00545750 /* Frameworks */ = {
			isa = PBXFrameworksBuildPhase;
			buildActionMask = 2147483647;
			files = (
			);
			runOnlyForDeploymentPostprocessing = 0;
		};
/* End PBXFrameworksBuildPhase section */

/* Begin PBXGroup section */
		9DA5B0D222AAA6AF005F7723 /* RecipesModule */ = {
			isa = PBXGroup;
			children = (
				9DA5B0D322AAA6AF005F7723 /* Presenter */,
				9DA5B0D522AAA6AF005F7723 /* View */,
				9DA5B0D922AAA6AF005F7723 /* Configurator */,
				9DA5B0DC22AAA6AF005F7723 /* Interactor */,
				9DA5B0E022AAA6AF005F7723 /* Router */,
			);
			path = RecipesModule;
			sourceTree = "<group>";
		};
		9DA5B0D322AAA6AF005F7723 /* Presenter */ = {
			isa = PBXGroup;
			children = (
				9DA5B0D422AAA6AF005F7723 /* RecipesModulePresenter.swift */,
			);
			path = Presenter;
			sourceTree = "<group>";
		};
		9DA5B0D522AAA6AF005F7723 /* View */ = {
			isa = PBXGroup;
			children = (
				9DA5B0D622AAA6AF005F7723 /* RecipesModuleViewInput.swift */,
				9DA5B0D722AAA6AF005F7723 /* RecipesModuleViewOutput.swift */,
				9DA5B0D822AAA6AF005F7723 /* RecipesModuleViewController.swift */,
			);
			path = View;
			sourceTree = "<group>";
		};
		9DA5B0D922AAA6AF005F7723 /* Configurator */ = {
			isa = PBXGroup;
			children = (
				9DA5B0DA22AAA6AF005F7723 /* RecipesModuleConfigurator.swift */,
				9DA5B0DB22AAA6AF005F7723 /* RecipesModuleInitializer.swift */,
			);
			path = Configurator;
			sourceTree = "<group>";
		};
		9DA5B0DC22AAA6AF005F7723 /* Interactor */ = {
			isa = PBXGroup;
			children = (
				9DA5B0DD22AAA6AF005F7723 /* RecipesModuleInteractorOutput.swift */,
				9DA5B0DE22AAA6AF005F7723 /* RecipesModuleInteractor.swift */,
				9DA5B0DF22AAA6AF005F7723 /* RecipesModuleInteractorInput.swift */,
			);
			path = Interactor;
			sourceTree = "<group>";
		};
		9DA5B0E022AAA6AF005F7723 /* Router */ = {
			isa = PBXGroup;
			children = (
				9DA5B0E122AAA6AF005F7723 /* RecipesModuleRouterInput.swift */,
				9DA5B0E222AAA6AF005F7723 /* RecipesModuleRouter.swift */,
			);
			path = Router;
			sourceTree = "<group>";
		};
		9DA5B0FE22AAABFE005F7723 /* RecipesModule */ = {
			isa = PBXGroup;
			children = (
				9DA5B0FF22AAABFE005F7723 /* Presenter */,
				9DA5B10122AAABFE005F7723 /* View */,
				9DA5B10322AAABFE005F7723 /* Configurator */,
				9DA5B10522AAABFE005F7723 /* Interactor */,
				9DA5B10722AAABFE005F7723 /* Router */,
			);
			path = RecipesModule;
			sourceTree = "<group>";
		};
		9DA5B0FF22AAABFE005F7723 /* Presenter */ = {
			isa = PBXGroup;
			children = (
				9DA5B10022AAABFE005F7723 /* RecipesModulePresenterTests.swift */,
			);
			path = Presenter;
			sourceTree = "<group>";
		};
		9DA5B10122AAABFE005F7723 /* View */ = {
			isa = PBXGroup;
			children = (
				9DA5B10222AAABFE005F7723 /* RecipesModuleViewTests.swift */,
			);
			path = View;
			sourceTree = "<group>";
		};
		9DA5B10322AAABFE005F7723 /* Configurator */ = {
			isa = PBXGroup;
			children = (
				9DA5B10422AAABFE005F7723 /* RecipesModuleConfiguratorTests.swift */,
			);
			path = Configurator;
			sourceTree = "<group>";
		};
		9DA5B10522AAABFE005F7723 /* Interactor */ = {
			isa = PBXGroup;
			children = (
				9DA5B10622AAABFE005F7723 /* RecipesModuleInteractorTests.swift */,
			);
			path = Interactor;
			sourceTree = "<group>";
		};
		9DA5B10722AAABFE005F7723 /* Router */ = {
			isa = PBXGroup;
			children = (
				9DA5B10822AAABFE005F7723 /* RecipesModuleRouterTests.swift */,
			);
			path = Router;
			sourceTree = "<group>";
		};
		9DE3A5A122574BBB00545750 = {
			isa = PBXGroup;
			children = (
				9DE3A5AC22574BBB00545750 /* ViperArchitecture */,
				9DE3A5C122574BBD00545750 /* ViperArchitectureTests */,
				9DE3A5CC22574BBD00545750 /* ViperArchitectureUITests */,
				9DE3A5AB22574BBB00545750 /* Products */,
			);
			sourceTree = "<group>";
		};
		9DE3A5AB22574BBB00545750 /* Products */ = {
			isa = PBXGroup;
			children = (
				9DE3A5AA22574BBB00545750 /* ViperArchitecture.app */,
				9DE3A5BE22574BBD00545750 /* ViperArchitectureTests.xctest */,
				9DE3A5C922574BBD00545750 /* ViperArchitectureUITests.xctest */,
			);
			name = Products;
			sourceTree = "<group>";
		};
		9DE3A5AC22574BBB00545750 /* ViperArchitecture */ = {
			isa = PBXGroup;
			children = (
				9DA5B0D222AAA6AF005F7723 /* RecipesModule */,
				9DE3A6612257926A00545750 /* extentions */,
				9DE3A65422578C1000545750 /* UIComponent */,
				9DE3A64F2257823300545750 /* NetworkLayer */,
				9DE3A5AD22574BBB00545750 /* AppDelegate.swift */,
				9DE3A5B122574BBB00545750 /* Main.storyboard */,
				9DE3A5B422574BBD00545750 /* Assets.xcassets */,
				9DE3A5B622574BBD00545750 /* LaunchScreen.storyboard */,
				9DE3A5B922574BBD00545750 /* Info.plist */,
			);
			path = ViperArchitecture;
			sourceTree = "<group>";
		};
		9DE3A5C122574BBD00545750 /* ViperArchitectureTests */ = {
			isa = PBXGroup;
			children = (
				9DA5B0FE22AAABFE005F7723 /* RecipesModule */,
				9DE3A5C422574BBD00545750 /* Info.plist */,
			);
			path = ViperArchitectureTests;
			sourceTree = "<group>";
		};
		9DE3A5CC22574BBD00545750 /* ViperArchitectureUITests */ = {
			isa = PBXGroup;
			children = (
				9DE3A5CD22574BBD00545750 /* ViperArchitectureUITests.swift */,
				9DE3A5CF22574BBD00545750 /* Info.plist */,
			);
			path = ViperArchitectureUITests;
			sourceTree = "<group>";
		};
		9DE3A64F2257823300545750 /* NetworkLayer */ = {
			isa = PBXGroup;
			children = (
				9DE3A6512257828000545750 /* Client */,
				9DE3A6502257827200545750 /* Entity */,
			);
			path = NetworkLayer;
			sourceTree = "<group>";
		};
		9DE3A6502257827200545750 /* Entity */ = {
			isa = PBXGroup;
			children = (
				9DE3A652225782FD00545750 /* Recipe.swift */,
			);
			path = Entity;
			sourceTree = "<group>";
		};
		9DE3A6512257828000545750 /* Client */ = {
			isa = PBXGroup;
			children = (
				9DE3A65922578EA000545750 /* BaseNetwork.swift */,
				9DE3A65A22578EA000545750 /* NetworkRequester.swift */,
			);
			path = Client;
			sourceTree = "<group>";
		};
		9DE3A65422578C1000545750 /* UIComponent */ = {
			isa = PBXGroup;
			children = (
			);
			path = UIComponent;
			sourceTree = "<group>";
		};
		9DE3A6612257926A00545750 /* extentions */ = {
			isa = PBXGroup;
			children = (
				9DE3A65D2257909A00545750 /* Dictionary.swift */,
				9DE3A65E2257909A00545750 /* String.swift */,
			);
			path = extentions;
			sourceTree = "<group>";
		};
/* End PBXGroup section */

/* Begin PBXNativeTarget section */
		9DE3A5A922574BBB00545750 /* ViperArchitecture */ = {
			isa = PBXNativeTarget;
			buildConfigurationList = 9DE3A5D222574BBD00545750 /* Build configuration list for PBXNativeTarget "ViperArchitecture" */;
			buildPhases = (
				9DE3A5A622574BBB00545750 /* Sources */,
				9DE3A5A722574BBB00545750 /* Frameworks */,
				9DE3A5A822574BBB00545750 /* Resources */,
			);
			buildRules = (
			);
			dependencies = (
			);
			name = ViperArchitecture;
			productName = ViperArchitecture;
			productReference = 9DE3A5AA22574BBB00545750 /* ViperArchitecture.app */;
			productType = "com.apple.product-type.application";
		};
		9DE3A5BD22574BBD00545750 /* ViperArchitectureTests */ = {
			isa = PBXNativeTarget;
			buildConfigurationList = 9DE3A5D522574BBD00545750 /* Build configuration list for PBXNativeTarget "ViperArchitectureTests" */;
			buildPhases = (
				9DE3A5BA22574BBD00545750 /* Sources */,
				9DE3A5BB22574BBD00545750 /* Frameworks */,
				9DE3A5BC22574BBD00545750 /* Resources */,
			);
			buildRules = (
			);
			dependencies = (
				9DE3A5C022574BBD00545750 /* PBXTargetDependency */,
			);
			name = ViperArchitectureTests;
			productName = ViperArchitectureTests;
			productReference = 9DE3A5BE22574BBD00545750 /* ViperArchitectureTests.xctest */;
			productType = "com.apple.product-type.bundle.unit-test";
		};
		9DE3A5C822574BBD00545750 /* ViperArchitectureUITests */ = {
			isa = PBXNativeTarget;
			buildConfigurationList = 9DE3A5D822574BBD00545750 /* Build configuration list for PBXNativeTarget "ViperArchitectureUITests" */;
			buildPhases = (
				9DE3A5C522574BBD00545750 /* Sources */,
				9DE3A5C622574BBD00545750 /* Frameworks */,
				9DE3A5C722574BBD00545750 /* Resources */,
			);
			buildRules = (
			);
			dependencies = (
				9DE3A5CB22574BBD00545750 /* PBXTargetDependency */,
			);
			name = ViperArchitectureUITests;
			productName = ViperArchitectureUITests;
			productReference = 9DE3A5C922574BBD00545750 /* ViperArchitectureUITests.xctest */;
			productType = "com.apple.product-type.bundle.ui-testing";
		};
/* End PBXNativeTarget section */

/* Begin PBXProject section */
		9DE3A5A222574BBB00545750 /* Project object */ = {
			isa = PBXProject;
			attributes = {
				LastSwiftUpdateCheck = 1010;
				LastUpgradeCheck = 1010;
				ORGANIZATIONNAME = Georgehadly;
				TargetAttributes = {
					9DE3A5A922574BBB00545750 = {
						CreatedOnToolsVersion = 10.1;
						ProvisioningStyle = Automatic;
					};
					9DE3A5BD22574BBD00545750 = {
						CreatedOnToolsVersion = 10.1;
						ProvisioningStyle = Automatic;
						TestTargetID = 9DE3A5A922574BBB00545750;
					};
					9DE3A5C822574BBD00545750 = {
						CreatedOnToolsVersion = 10.1;
						ProvisioningStyle = Automatic;
						TestTargetID = 9DE3A5A922574BBB00545750;
					};
				};
			};
			buildConfigurationList = 9DE3A5A522574BBB00545750 /* Build configuration list for PBXProject "ViperArchitecture" */;
			compatibilityVersion = "Xcode 9.3";
			developmentRegion = en;
			hasScannedForEncodings = 0;
			knownRegions = (
				en,
				Base,
			);
			mainGroup = 9DE3A5A122574BBB00545750;
			productRefGroup = 9DE3A5AB22574BBB00545750 /* Products */;
			projectDirPath = "";
			projectRoot = "";
			targets = (
				9DE3A5A922574BBB00545750 /* ViperArchitecture */,
				9DE3A5BD22574BBD00545750 /* ViperArchitectureTests */,
				9DE3A5C822574BBD00545750 /* ViperArchitectureUITests */,
			);
		};
/* End PBXProject section */

/* Begin PBXResourcesBuildPhase section */
		9DE3A5A822574BBB00545750 /* Resources */ = {
			isa = PBXResourcesBuildPhase;
			buildActionMask = 2147483647;
			files = (
				9DE3A5B822574BBD00545750 /* LaunchScreen.storyboard in Resources */,
				9DE3A5B522574BBD00545750 /* Assets.xcassets in Resources */,
				9DE3A5B322574BBB00545750 /* Main.storyboard in Resources */,
			);
			runOnlyForDeploymentPostprocessing = 0;
		};
		9DE3A5BC22574BBD00545750 /* Resources */ = {
			isa = PBXResourcesBuildPhase;
			buildActionMask = 2147483647;
			files = (
			);
			runOnlyForDeploymentPostprocessing = 0;
		};
		9DE3A5C722574BBD00545750 /* Resources */ = {
			isa = PBXResourcesBuildPhase;
			buildActionMask = 2147483647;
			files = (
			);
			runOnlyForDeploymentPostprocessing = 0;
		};
/* End PBXResourcesBuildPhase section */

/* Begin PBXSourcesBuildPhase section */
		9DE3A5A622574BBB00545750 /* Sources */ = {
			isa = PBXSourcesBuildPhase;
			buildActionMask = 2147483647;
			files = (
				9DE3A6602257909A00545750 /* String.swift in Sources */,
				9DA5B0ED22AAA6AF005F7723 /* RecipesModuleRouter.swift in Sources */,
				9DA5B0E922AAA6AF005F7723 /* RecipesModuleInteractorOutput.swift in Sources */,
				9DA5B0EA22AAA6AF005F7723 /* RecipesModuleInteractor.swift in Sources */,
				9DA5B0EB22AAA6AF005F7723 /* RecipesModuleInteractorInput.swift in Sources */,
				9DE3A65B22578EA000545750 /* BaseNetwork.swift in Sources */,
				9DE3A5AE22574BBB00545750 /* AppDelegate.swift in Sources */,
				9DA5B0E522AAA6AF005F7723 /* RecipesModuleViewOutput.swift in Sources */,
				9DA5B0E722AAA6AF005F7723 /* RecipesModuleConfigurator.swift in Sources */,
				9DA5B0E422AAA6AF005F7723 /* RecipesModuleViewInput.swift in Sources */,
				9DE3A65F2257909A00545750 /* Dictionary.swift in Sources */,
				9DA5B0E622AAA6AF005F7723 /* RecipesModuleViewController.swift in Sources */,
				9DA5B0EC22AAA6AF005F7723 /* RecipesModuleRouterInput.swift in Sources */,
				9DE3A65C22578EA000545750 /* NetworkRequester.swift in Sources */,
				9DE3A653225782FD00545750 /* Recipe.swift in Sources */,
				9DA5B0E822AAA6AF005F7723 /* RecipesModuleInitializer.swift in Sources */,
				9DA5B0E322AAA6AF005F7723 /* RecipesModulePresenter.swift in Sources */,
			);
			runOnlyForDeploymentPostprocessing = 0;
		};
		9DE3A5BA22574BBD00545750 /* Sources */ = {
			isa = PBXSourcesBuildPhase;
			buildActionMask = 2147483647;
			files = (
				9DA5B10922AAABFE005F7723 /* RecipesModulePresenterTests.swift in Sources */,
				9DA5B10C22AAABFE005F7723 /* RecipesModuleInteractorTests.swift in Sources */,
				9DA5B10B22AAABFE005F7723 /* RecipesModuleConfiguratorTests.swift in Sources */,
				9DA5B10D22AAABFE005F7723 /* RecipesModuleRouterTests.swift in Sources */,
				9DA5B10A22AAABFE005F7723 /* RecipesModuleViewTests.swift in Sources */,
			);
			runOnlyForDeploymentPostprocessing = 0;
		};
		9DE3A5C522574BBD00545750 /* Sources */ = {
			isa = PBXSourcesBuildPhase;
			buildActionMask = 2147483647;
			files = (
				9DE3A5CE22574BBD00545750 /* ViperArchitectureUITests.swift in Sources */,
			);
			runOnlyForDeploymentPostprocessing = 0;
		};
/* End PBXSourcesBuildPhase section */

/* Begin PBXTargetDependency section */
		9DE3A5C022574BBD00545750 /* PBXTargetDependency */ = {
			isa = PBXTargetDependency;
			target = 9DE3A5A922574BBB00545750 /* ViperArchitecture */;
			targetProxy = 9DE3A5BF22574BBD00545750 /* PBXContainerItemProxy */;
		};
		9DE3A5CB22574BBD00545750 /* PBXTargetDependency */ = {
			isa = PBXTargetDependency;
			target = 9DE3A5A922574BBB00545750 /* ViperArchitecture */;
			targetProxy = 9DE3A5CA22574BBD00545750 /* PBXContainerItemProxy */;
		};
/* End PBXTargetDependency section */

/* Begin PBXVariantGroup section */
		9DE3A5B122574BBB00545750 /* Main.storyboard */ = {
			isa = PBXVariantGroup;
			children = (
				9DE3A5B222574BBB00545750 /* Base */,
			);
			name = Main.storyboard;
			sourceTree = "<group>";
		};
		9DE3A5B622574BBD00545750 /* LaunchScreen.storyboard */ = {
			isa = PBXVariantGroup;
			children = (
				9DE3A5B722574BBD00545750 /* Base */,
			);
			name = LaunchScreen.storyboard;
			sourceTree = "<group>";
		};
/* End PBXVariantGroup section */

/* Begin XCBuildConfiguration section */
		9DE3A5D022574BBD00545750 /* Debug */ = {
			isa = XCBuildConfiguration;
			buildSettings = {
				ALWAYS_SEARCH_USER_PATHS = NO;
				CLANG_ANALYZER_NONNULL = YES;
				CLANG_ANALYZER_NUMBER_OBJECT_CONVERSION = YES_AGGRESSIVE;
				CLANG_CXX_LANGUAGE_STANDARD = "gnu++14";
				CLANG_CXX_LIBRARY = "libc++";
				CLANG_ENABLE_MODULES = YES;
				CLANG_ENABLE_OBJC_ARC = YES;
				CLANG_ENABLE_OBJC_WEAK = YES;
				CLANG_WARN_BLOCK_CAPTURE_AUTORELEASING = YES;
				CLANG_WARN_BOOL_CONVERSION = YES;
				CLANG_WARN_COMMA = YES;
				CLANG_WARN_CONSTANT_CONVERSION = YES;
				CLANG_WARN_DEPRECATED_OBJC_IMPLEMENTATIONS = YES;
				CLANG_WARN_DIRECT_OBJC_ISA_USAGE = YES_ERROR;
				CLANG_WARN_DOCUMENTATION_COMMENTS = YES;
				CLANG_WARN_EMPTY_BODY = YES;
				CLANG_WARN_ENUM_CONVERSION = YES;
				CLANG_WARN_INFINITE_RECURSION = YES;
				CLANG_WARN_INT_CONVERSION = YES;
				CLANG_WARN_NON_LITERAL_NULL_CONVERSION = YES;
				CLANG_WARN_OBJC_IMPLICIT_RETAIN_SELF = YES;
				CLANG_WARN_OBJC_LITERAL_CONVERSION = YES;
				CLANG_WARN_OBJC_ROOT_CLASS = YES_ERROR;
				CLANG_WARN_RANGE_LOOP_ANALYSIS = YES;
				CLANG_WARN_STRICT_PROTOTYPES = YES;
				CLANG_WARN_SUSPICIOUS_MOVE = YES;
				CLANG_WARN_UNGUARDED_AVAILABILITY = YES_AGGRESSIVE;
				CLANG_WARN_UNREACHABLE_CODE = YES;
				CLANG_WARN__DUPLICATE_METHOD_MATCH = YES;
				CODE_SIGN_IDENTITY = "iPhone Developer";
				COPY_PHASE_STRIP = NO;
				DEBUG_INFORMATION_FORMAT = dwarf;
				ENABLE_STRICT_OBJC_MSGSEND = YES;
				ENABLE_TESTABILITY = YES;
				GCC_C_LANGUAGE_STANDARD = gnu11;
				GCC_DYNAMIC_NO_PIC = NO;
				GCC_NO_COMMON_BLOCKS = YES;
				GCC_OPTIMIZATION_LEVEL = 0;
				GCC_PREPROCESSOR_DEFINITIONS = (
					"DEBUG=1",
					"$(inherited)",
				);
				GCC_WARN_64_TO_32_BIT_CONVERSION = YES;
				GCC_WARN_ABOUT_RETURN_TYPE = YES_ERROR;
				GCC_WARN_UNDECLARED_SELECTOR = YES;
				GCC_WARN_UNINITIALIZED_AUTOS = YES_AGGRESSIVE;
				GCC_WARN_UNUSED_FUNCTION = YES;
				GCC_WARN_UNUSED_VARIABLE = YES;
				IPHONEOS_DEPLOYMENT_TARGET = 12.1;
				MTL_ENABLE_DEBUG_INFO = INCLUDE_SOURCE;
				MTL_FAST_MATH = YES;
				ONLY_ACTIVE_ARCH = YES;
				SDKROOT = iphoneos;
				SWIFT_ACTIVE_COMPILATION_CONDITIONS = DEBUG;
				SWIFT_OPTIMIZATION_LEVEL = "-Onone";
			};
			name = Debug;
		};
		9DE3A5D122574BBD00545750 /* Release */ = {
			isa = XCBuildConfiguration;
			buildSettings = {
				ALWAYS_SEARCH_USER_PATHS = NO;
				CLANG_ANALYZER_NONNULL = YES;
				CLANG_ANALYZER_NUMBER_OBJECT_CONVERSION = YES_AGGRESSIVE;
				CLANG_CXX_LANGUAGE_STANDARD = "gnu++14";
				CLANG_CXX_LIBRARY = "libc++";
				CLANG_ENABLE_MODULES = YES;
				CLANG_ENABLE_OBJC_ARC = YES;
				CLANG_ENABLE_OBJC_WEAK = YES;
				CLANG_WARN_BLOCK_CAPTURE_AUTORELEASING = YES;
				CLANG_WARN_BOOL_CONVERSION = YES;
				CLANG_WARN_COMMA = YES;
				CLANG_WARN_CONSTANT_CONVERSION = YES;
				CLANG_WARN_DEPRECATED_OBJC_IMPLEMENTATIONS = YES;
				CLANG_WARN_DIRECT_OBJC_ISA_USAGE = YES_ERROR;
				CLANG_WARN_DOCUMENTATION_COMMENTS = YES;
				CLANG_WARN_EMPTY_BODY = YES;
				CLANG_WARN_ENUM_CONVERSION = YES;
				CLANG_WARN_INFINITE_RECURSION = YES;
				CLANG_WARN_INT_CONVERSION = YES;
				CLANG_WARN_NON_LITERAL_NULL_CONVERSION = YES;
				CLANG_WARN_OBJC_IMPLICIT_RETAIN_SELF = YES;
				CLANG_WARN_OBJC_LITERAL_CONVERSION = YES;
				CLANG_WARN_OBJC_ROOT_CLASS = YES_ERROR;
				CLANG_WARN_RANGE_LOOP_ANALYSIS = YES;
				CLANG_WARN_STRICT_PROTOTYPES = YES;
				CLANG_WARN_SUSPICIOUS_MOVE = YES;
				CLANG_WARN_UNGUARDED_AVAILABILITY = YES_AGGRESSIVE;
				CLANG_WARN_UNREACHABLE_CODE = YES;
				CLANG_WARN__DUPLICATE_METHOD_MATCH = YES;
				CODE_SIGN_IDENTITY = "iPhone Developer";
				COPY_PHASE_STRIP = NO;
				DEBUG_INFORMATION_FORMAT = "dwarf-with-dsym";
				ENABLE_NS_ASSERTIONS = NO;
				ENABLE_STRICT_OBJC_MSGSEND = YES;
				GCC_C_LANGUAGE_STANDARD = gnu11;
				GCC_NO_COMMON_BLOCKS = YES;
				GCC_WARN_64_TO_32_BIT_CONVERSION = YES;
				GCC_WARN_ABOUT_RETURN_TYPE = YES_ERROR;
				GCC_WARN_UNDECLARED_SELECTOR = YES;
				GCC_WARN_UNINITIALIZED_AUTOS = YES_AGGRESSIVE;
				GCC_WARN_UNUSED_FUNCTION = YES;
				GCC_WARN_UNUSED_VARIABLE = YES;
				IPHONEOS_DEPLOYMENT_TARGET = 12.1;
				MTL_ENABLE_DEBUG_INFO = NO;
				MTL_FAST_MATH = YES;
				SDKROOT = iphoneos;
				SWIFT_COMPILATION_MODE = wholemodule;
				SWIFT_OPTIMIZATION_LEVEL = "-O";
				VALIDATE_PRODUCT = YES;
			};
			name = Release;
		};
		9DE3A5D322574BBD00545750 /* Debug */ = {
			isa = XCBuildConfiguration;
			buildSettings = {
				ASSETCATALOG_COMPILER_APPICON_NAME = AppIcon;
				CODE_SIGN_STYLE = Automatic;
				DEFINES_MODULE = YES;
				INFOPLIST_FILE = ViperArchitecture/Info.plist;
				LD_RUNPATH_SEARCH_PATHS = (
					"$(inherited)",
					"@executable_path/Frameworks",
				);
				MODULE_NAME = ViperArchitecture;
				PRODUCT_BUNDLE_IDENTIFIER = com.viper.ViperArchitecture;
				PRODUCT_NAME = "$(TARGET_NAME)";
				SWIFT_VERSION = 4.2;
				TARGETED_DEVICE_FAMILY = "1,2";
			};
			name = Debug;
		};
		9DE3A5D422574BBD00545750 /* Release */ = {
			isa = XCBuildConfiguration;
			buildSettings = {
				ASSETCATALOG_COMPILER_APPICON_NAME = AppIcon;
				CODE_SIGN_STYLE = Automatic;
				DEFINES_MODULE = YES;
				INFOPLIST_FILE = ViperArchitecture/Info.plist;
				LD_RUNPATH_SEARCH_PATHS = (
					"$(inherited)",
					"@executable_path/Frameworks",
				);
				MODULE_NAME = ViperArchitecture;
				PRODUCT_BUNDLE_IDENTIFIER = com.viper.ViperArchitecture;
				PRODUCT_NAME = "$(TARGET_NAME)";
				SWIFT_VERSION = 4.2;
				TARGETED_DEVICE_FAMILY = "1,2";
			};
			name = Release;
		};
		9DE3A5D622574BBD00545750 /* Debug */ = {
			isa = XCBuildConfiguration;
			buildSettings = {
				ALWAYS_EMBED_SWIFT_STANDARD_LIBRARIES = YES;
				BUNDLE_LOADER = "$(TEST_HOST)";
				CODE_SIGN_STYLE = Automatic;
				INFOPLIST_FILE = ViperArchitectureTests/Info.plist;
				LD_RUNPATH_SEARCH_PATHS = (
					"$(inherited)",
					"@executable_path/Frameworks",
					"@loader_path/Frameworks",
				);
				PRODUCT_BUNDLE_IDENTIFIER = com.viper.ViperArchitectureTests;
				PRODUCT_NAME = "$(TARGET_NAME)";
				SWIFT_VERSION = 4.2;
				TARGETED_DEVICE_FAMILY = "1,2";
				TEST_HOST = "$(BUILT_PRODUCTS_DIR)/ViperArchitecture.app/ViperArchitecture";
			};
			name = Debug;
		};
		9DE3A5D722574BBD00545750 /* Release */ = {
			isa = XCBuildConfiguration;
			buildSettings = {
				ALWAYS_EMBED_SWIFT_STANDARD_LIBRARIES = YES;
				BUNDLE_LOADER = "$(TEST_HOST)";
				CODE_SIGN_STYLE = Automatic;
				INFOPLIST_FILE = ViperArchitectureTests/Info.plist;
				LD_RUNPATH_SEARCH_PATHS = (
					"$(inherited)",
					"@executable_path/Frameworks",
					"@loader_path/Frameworks",
				);
				PRODUCT_BUNDLE_IDENTIFIER = com.viper.ViperArchitectureTests;
				PRODUCT_NAME = "$(TARGET_NAME)";
				SWIFT_VERSION = 4.2;
				TARGETED_DEVICE_FAMILY = "1,2";
				TEST_HOST = "$(BUILT_PRODUCTS_DIR)/ViperArchitecture.app/ViperArchitecture";
			};
			name = Release;
		};
		9DE3A5D922574BBD00545750 /* Debug */ = {
			isa = XCBuildConfiguration;
			buildSettings = {
				ALWAYS_EMBED_SWIFT_STANDARD_LIBRARIES = YES;
				CODE_SIGN_STYLE = Automatic;
				INFOPLIST_FILE = ViperArchitectureUITests/Info.plist;
				LD_RUNPATH_SEARCH_PATHS = (
					"$(inherited)",
					"@executable_path/Frameworks",
					"@loader_path/Frameworks",
				);
				PRODUCT_BUNDLE_IDENTIFIER = com.viper.ViperArchitectureUITests;
				PRODUCT_NAME = "$(TARGET_NAME)";
				SWIFT_VERSION = 4.2;
				TARGETED_DEVICE_FAMILY = "1,2";
				TEST_TARGET_NAME = ViperArchitecture;
			};
			name = Debug;
		};
		9DE3A5DA22574BBD00545750 /* Release */ = {
			isa = XCBuildConfiguration;
			buildSettings = {
				ALWAYS_EMBED_SWIFT_STANDARD_LIBRARIES = YES;
				CODE_SIGN_STYLE = Automatic;
				INFOPLIST_FILE = ViperArchitectureUITests/Info.plist;
				LD_RUNPATH_SEARCH_PATHS = (
					"$(inherited)",
					"@executable_path/Frameworks",
					"@loader_path/Frameworks",
				);
				PRODUCT_BUNDLE_IDENTIFIER = com.viper.ViperArchitectureUITests;
				PRODUCT_NAME = "$(TARGET_NAME)";
				SWIFT_VERSION = 4.2;
				TARGETED_DEVICE_FAMILY = "1,2";
				TEST_TARGET_NAME = ViperArchitecture;
			};
			name = Release;
		};
/* End XCBuildConfiguration section */

/* Begin XCConfigurationList section */
		9DE3A5A522574BBB00545750 /* Build configuration list for PBXProject "ViperArchitecture" */ = {
			isa = XCConfigurationList;
			buildConfigurations = (
				9DE3A5D022574BBD00545750 /* Debug */,
				9DE3A5D122574BBD00545750 /* Release */,
			);
			defaultConfigurationIsVisible = 0;
			defaultConfigurationName = Release;
		};
		9DE3A5D222574BBD00545750 /* Build configuration list for PBXNativeTarget "ViperArchitecture" */ = {
			isa = XCConfigurationList;
			buildConfigurations = (
				9DE3A5D322574BBD00545750 /* Debug */,
				9DE3A5D422574BBD00545750 /* Release */,
			);
			defaultConfigurationIsVisible = 0;
			defaultConfigurationName = Release;
		};
		9DE3A5D522574BBD00545750 /* Build configuration list for PBXNativeTarget "ViperArchitectureTests" */ = {
			isa = XCConfigurationList;
			buildConfigurations = (
				9DE3A5D622574BBD00545750 /* Debug */,
				9DE3A5D722574BBD00545750 /* Release */,
			);
			defaultConfigurationIsVisible = 0;
			defaultConfigurationName = Release;
		};
		9DE3A5D822574BBD00545750 /* Build configuration list for PBXNativeTarget "ViperArchitectureUITests" */ = {
			isa = XCConfigurationList;
			buildConfigurations = (
				9DE3A5D922574BBD00545750 /* Debug */,
				9DE3A5DA22574BBD00545750 /* Release */,
			);
			defaultConfigurationIsVisible = 0;
			defaultConfigurationName = Release;
		};
/* End XCConfigurationList section */
	};
	rootObject = 9DE3A5A222574BBB00545750 /* Project object */;
}
