// !$*UTF8*$!
{
	archiveVersion = 1;
	classes = {
	};
	objectVersion = 50;
	objects = {

/* Begin PBXBuildFile section */
		9D0B227D22CF3984006F4149 /* Recipes.storyboard in Resources */ = {isa = PBXBuildFile; fileRef = 9D0B227C22CF3984006F4149 /* Recipes.storyboard */; };
		9D0B227E22CF3E30006F4149 /* Recipes.storyboard in Resources */ = {isa = PBXBuildFile; fileRef = 9D0B227C22CF3984006F4149 /* Recipes.storyboard */; };
		9D0B227F22CF4031006F4149 /* Recipes.storyboard in Resources */ = {isa = PBXBuildFile; fileRef = 9D0B227C22CF3984006F4149 /* Recipes.storyboard */; };
		9D872F7B22C3BC0200CD6117 /* RecipesModule.framework in Frameworks */ = {isa = PBXBuildFile; fileRef = 9D872F7222C3BC0100CD6117 /* RecipesModule.framework */; };
		9D872F8422C3BC0200CD6117 /* RecipesModule.h in Headers */ = {isa = PBXBuildFile; fileRef = 9D872F7422C3BC0200CD6117 /* RecipesModule.h */; settings = {ATTRIBUTES = (Public, ); }; };
		9D872F8722C3BC0200CD6117 /* RecipesModule.framework in Frameworks */ = {isa = PBXBuildFile; fileRef = 9D872F7222C3BC0100CD6117 /* RecipesModule.framework */; };
		9D872F8822C3BC0200CD6117 /* RecipesModule.framework in Embed Frameworks */ = {isa = PBXBuildFile; fileRef = 9D872F7222C3BC0100CD6117 /* RecipesModule.framework */; settings = {ATTRIBUTES = (CodeSignOnCopy, RemoveHeadersOnCopy, ); }; };
		9D872F9122C3BC8200CD6117 /* ViperArchitectureTests.swift in Sources */ = {isa = PBXBuildFile; fileRef = 9D872F9022C3BC8200CD6117 /* ViperArchitectureTests.swift */; };
		9D872FA222C3BC9E00CD6117 /* RecipesModulePresenterToRouter.swift in Sources */ = {isa = PBXBuildFile; fileRef = 9D872F9322C3BC9D00CD6117 /* RecipesModulePresenterToRouter.swift */; };
		9D872FA322C3BC9E00CD6117 /* RecipesModuleRouter.swift in Sources */ = {isa = PBXBuildFile; fileRef = 9D872F9422C3BC9D00CD6117 /* RecipesModuleRouter.swift */; };
		9D872FA422C3BC9E00CD6117 /* RecipesModuleConfigurator.swift in Sources */ = {isa = PBXBuildFile; fileRef = 9D872F9622C3BC9D00CD6117 /* RecipesModuleConfigurator.swift */; };
		9D872FA522C3BC9E00CD6117 /* RecipesModuleInitializer.swift in Sources */ = {isa = PBXBuildFile; fileRef = 9D872F9722C3BC9D00CD6117 /* RecipesModuleInitializer.swift */; };
		9D872FA622C3BC9E00CD6117 /* RecipesModuleInteractor.swift in Sources */ = {isa = PBXBuildFile; fileRef = 9D872F9922C3BC9D00CD6117 /* RecipesModuleInteractor.swift */; };
		9D872FA722C3BC9E00CD6117 /* RecipesModulePresenterToInteractor.swift in Sources */ = {isa = PBXBuildFile; fileRef = 9D872F9A22C3BC9D00CD6117 /* RecipesModulePresenterToInteractor.swift */; };
		9D872FA822C3BC9E00CD6117 /* RecipesModuleInteractorToPresenter.swift in Sources */ = {isa = PBXBuildFile; fileRef = 9D872F9B22C3BC9D00CD6117 /* RecipesModuleInteractorToPresenter.swift */; };
		9D872FA922C3BC9E00CD6117 /* RecipesModulePresenter.swift in Sources */ = {isa = PBXBuildFile; fileRef = 9D872F9D22C3BC9D00CD6117 /* RecipesModulePresenter.swift */; };
		9D872FAA22C3BC9E00CD6117 /* RecipesModuleViewToPresenter.swift in Sources */ = {isa = PBXBuildFile; fileRef = 9D872F9F22C3BC9E00CD6117 /* RecipesModuleViewToPresenter.swift */; };
		9D872FAB22C3BC9E00CD6117 /* RecipesModulePresenterToView.swift in Sources */ = {isa = PBXBuildFile; fileRef = 9D872FA022C3BC9E00CD6117 /* RecipesModulePresenterToView.swift */; };
		9D872FAC22C3BC9E00CD6117 /* RecipesModuleViewController.swift in Sources */ = {isa = PBXBuildFile; fileRef = 9D872FA122C3BC9E00CD6117 /* RecipesModuleViewController.swift */; };
		9D872FB722C3BCAE00CD6117 /* RecipesModuleConfiguratorTests.swift in Sources */ = {isa = PBXBuildFile; fileRef = 9D872FAE22C3BCAE00CD6117 /* RecipesModuleConfiguratorTests.swift */; };
		9D872FB822C3BCAE00CD6117 /* RecipesModuleViewTests.swift in Sources */ = {isa = PBXBuildFile; fileRef = 9D872FB022C3BCAE00CD6117 /* RecipesModuleViewTests.swift */; };
		9D872FB922C3BCAE00CD6117 /* RecipesModulePresenterTests.swift in Sources */ = {isa = PBXBuildFile; fileRef = 9D872FB222C3BCAE00CD6117 /* RecipesModulePresenterTests.swift */; };
		9D872FBA22C3BCAE00CD6117 /* RecipesModuleInteractorTests.swift in Sources */ = {isa = PBXBuildFile; fileRef = 9D872FB422C3BCAE00CD6117 /* RecipesModuleInteractorTests.swift */; };
		9D872FBB22C3BCAE00CD6117 /* RecipesModuleRouterTests.swift in Sources */ = {isa = PBXBuildFile; fileRef = 9D872FB622C3BCAE00CD6117 /* RecipesModuleRouterTests.swift */; };
		9D872FCA22C3BD9E00CD6117 /* NetworkLayer.framework in Frameworks */ = {isa = PBXBuildFile; fileRef = 9D872FC122C3BD9D00CD6117 /* NetworkLayer.framework */; };
		9D872FD122C3BD9E00CD6117 /* NetworkLayerTests.swift in Sources */ = {isa = PBXBuildFile; fileRef = 9D872FD022C3BD9E00CD6117 /* NetworkLayerTests.swift */; };
		9D872FD322C3BD9E00CD6117 /* NetworkLayer.h in Headers */ = {isa = PBXBuildFile; fileRef = 9D872FC322C3BD9D00CD6117 /* NetworkLayer.h */; settings = {ATTRIBUTES = (Public, ); }; };
		9D872FE322C3BE4C00CD6117 /* NetworkRequester.swift in Sources */ = {isa = PBXBuildFile; fileRef = 9D872FDF22C3BE4C00CD6117 /* NetworkRequester.swift */; };
		9D872FE422C3BE4C00CD6117 /* BaseNetwork.swift in Sources */ = {isa = PBXBuildFile; fileRef = 9D872FE022C3BE4C00CD6117 /* BaseNetwork.swift */; };
		9D872FE522C3BE4C00CD6117 /* Recipe.swift in Sources */ = {isa = PBXBuildFile; fileRef = 9D872FE222C3BE4C00CD6117 /* Recipe.swift */; };
		9D872FE722C3BE7700CD6117 /* NetworkLayer.framework in Frameworks */ = {isa = PBXBuildFile; fileRef = 9D872FC122C3BD9D00CD6117 /* NetworkLayer.framework */; };
		9D872FEB22C3BEFA00CD6117 /* Dictionary.swift in Sources */ = {isa = PBXBuildFile; fileRef = 9D872FE922C3BEFA00CD6117 /* Dictionary.swift */; };
		9D872FEC22C3BEFA00CD6117 /* String.swift in Sources */ = {isa = PBXBuildFile; fileRef = 9D872FEA22C3BEFA00CD6117 /* String.swift */; };
		9DE3A5AE22574BBB00545750 /* AppDelegate.swift in Sources */ = {isa = PBXBuildFile; fileRef = 9DE3A5AD22574BBB00545750 /* AppDelegate.swift */; };
		9DE3A5B322574BBB00545750 /* Main.storyboard in Resources */ = {isa = PBXBuildFile; fileRef = 9DE3A5B122574BBB00545750 /* Main.storyboard */; };
		9DE3A5B522574BBD00545750 /* Assets.xcassets in Resources */ = {isa = PBXBuildFile; fileRef = 9DE3A5B422574BBD00545750 /* Assets.xcassets */; };
		9DE3A5B822574BBD00545750 /* LaunchScreen.storyboard in Resources */ = {isa = PBXBuildFile; fileRef = 9DE3A5B622574BBD00545750 /* LaunchScreen.storyboard */; };
		9DE3A5CE22574BBD00545750 /* ViperArchitectureUITests.swift in Sources */ = {isa = PBXBuildFile; fileRef = 9DE3A5CD22574BBD00545750 /* ViperArchitectureUITests.swift */; };
		9DFC9F3A22C4F12200992DB6 /* recipes.json in Resources */ = {isa = PBXBuildFile; fileRef = 9DFC9F3922C4F12200992DB6 /* recipes.json */; };
/* End PBXBuildFile section */

/* Begin PBXContainerItemProxy section */
		9D872F7C22C3BC0200CD6117 /* PBXContainerItemProxy */ = {
			isa = PBXContainerItemProxy;
			containerPortal = 9DE3A5A222574BBB00545750 /* Project object */;
			proxyType = 1;
			remoteGlobalIDString = 9D872F7122C3BC0100CD6117;
			remoteInfo = RecipesModule;
		};
		9D872F7E22C3BC0200CD6117 /* PBXContainerItemProxy */ = {
			isa = PBXContainerItemProxy;
			containerPortal = 9DE3A5A222574BBB00545750 /* Project object */;
			proxyType = 1;
			remoteGlobalIDString = 9DE3A5A922574BBB00545750;
			remoteInfo = ViperArchitecture;
		};
		9D872F8522C3BC0200CD6117 /* PBXContainerItemProxy */ = {
			isa = PBXContainerItemProxy;
			containerPortal = 9DE3A5A222574BBB00545750 /* Project object */;
			proxyType = 1;
			remoteGlobalIDString = 9D872F7122C3BC0100CD6117;
			remoteInfo = RecipesModule;
		};
		9D872FCB22C3BD9E00CD6117 /* PBXContainerItemProxy */ = {
			isa = PBXContainerItemProxy;
			containerPortal = 9DE3A5A222574BBB00545750 /* Project object */;
			proxyType = 1;
			remoteGlobalIDString = 9D872FC022C3BD9D00CD6117;
			remoteInfo = NetworkLayer;
		};
		9D872FCD22C3BD9E00CD6117 /* PBXContainerItemProxy */ = {
			isa = PBXContainerItemProxy;
			containerPortal = 9DE3A5A222574BBB00545750 /* Project object */;
			proxyType = 1;
			remoteGlobalIDString = 9DE3A5A922574BBB00545750;
			remoteInfo = ViperArchitecture;
		};
		9DE3A5BF22574BBD00545750 /* PBXContainerItemProxy */ = {
			isa = PBXContainerItemProxy;
			containerPortal = 9DE3A5A222574BBB00545750 /* Project object */;
			proxyType = 1;
			remoteGlobalIDString = 9DE3A5A922574BBB00545750;
			remoteInfo = ViperArchitecture;
		};
		9DE3A5CA22574BBD00545750 /* PBXContainerItemProxy */ = {
			isa = PBXContainerItemProxy;
			containerPortal = 9DE3A5A222574BBB00545750 /* Project object */;
			proxyType = 1;
			remoteGlobalIDString = 9DE3A5A922574BBB00545750;
			remoteInfo = ViperArchitecture;
		};
/* End PBXContainerItemProxy section */

/* Begin PBXCopyFilesBuildPhase section */
		9D872F8C22C3BC0200CD6117 /* Embed Frameworks */ = {
			isa = PBXCopyFilesBuildPhase;
			buildActionMask = 2147483647;
			dstPath = "";
			dstSubfolderSpec = 10;
			files = (
				9D872F8822C3BC0200CD6117 /* RecipesModule.framework in Embed Frameworks */,
			);
			name = "Embed Frameworks";
			runOnlyForDeploymentPostprocessing = 0;
		};
/* End PBXCopyFilesBuildPhase section */

/* Begin PBXFileReference section */
		9D0B227C22CF3984006F4149 /* Recipes.storyboard */ = {isa = PBXFileReference; lastKnownFileType = file.storyboard; path = Recipes.storyboard; sourceTree = "<group>"; };
		9D872F7222C3BC0100CD6117 /* RecipesModule.framework */ = {isa = PBXFileReference; explicitFileType = wrapper.framework; includeInIndex = 0; path = RecipesModule.framework; sourceTree = BUILT_PRODUCTS_DIR; };
		9D872F7422C3BC0200CD6117 /* RecipesModule.h */ = {isa = PBXFileReference; lastKnownFileType = sourcecode.c.h; path = RecipesModule.h; sourceTree = "<group>"; };
		9D872F7522C3BC0200CD6117 /* Info.plist */ = {isa = PBXFileReference; lastKnownFileType = text.plist.xml; path = Info.plist; sourceTree = "<group>"; };
		9D872F7A22C3BC0200CD6117 /* RecipesModuleTests.xctest */ = {isa = PBXFileReference; explicitFileType = wrapper.cfbundle; includeInIndex = 0; path = RecipesModuleTests.xctest; sourceTree = BUILT_PRODUCTS_DIR; };
		9D872F8322C3BC0200CD6117 /* Info.plist */ = {isa = PBXFileReference; lastKnownFileType = text.plist.xml; path = Info.plist; sourceTree = "<group>"; };
		9D872F9022C3BC8200CD6117 /* ViperArchitectureTests.swift */ = {isa = PBXFileReference; lastKnownFileType = sourcecode.swift; path = ViperArchitectureTests.swift; sourceTree = "<group>"; };
		9D872F9322C3BC9D00CD6117 /* RecipesModulePresenterToRouter.swift */ = {isa = PBXFileReference; fileEncoding = 4; lastKnownFileType = sourcecode.swift; path = RecipesModulePresenterToRouter.swift; sourceTree = "<group>"; };
		9D872F9422C3BC9D00CD6117 /* RecipesModuleRouter.swift */ = {isa = PBXFileReference; fileEncoding = 4; lastKnownFileType = sourcecode.swift; path = RecipesModuleRouter.swift; sourceTree = "<group>"; };
		9D872F9622C3BC9D00CD6117 /* RecipesModuleConfigurator.swift */ = {isa = PBXFileReference; fileEncoding = 4; lastKnownFileType = sourcecode.swift; path = RecipesModuleConfigurator.swift; sourceTree = "<group>"; };
		9D872F9722C3BC9D00CD6117 /* RecipesModuleInitializer.swift */ = {isa = PBXFileReference; fileEncoding = 4; lastKnownFileType = sourcecode.swift; path = RecipesModuleInitializer.swift; sourceTree = "<group>"; };
		9D872F9922C3BC9D00CD6117 /* RecipesModuleInteractor.swift */ = {isa = PBXFileReference; fileEncoding = 4; lastKnownFileType = sourcecode.swift; path = RecipesModuleInteractor.swift; sourceTree = "<group>"; };
		9D872F9A22C3BC9D00CD6117 /* RecipesModulePresenterToInteractor.swift */ = {isa = PBXFileReference; fileEncoding = 4; lastKnownFileType = sourcecode.swift; path = RecipesModulePresenterToInteractor.swift; sourceTree = "<group>"; };
		9D872F9B22C3BC9D00CD6117 /* RecipesModuleInteractorToPresenter.swift */ = {isa = PBXFileReference; fileEncoding = 4; lastKnownFileType = sourcecode.swift; path = RecipesModuleInteractorToPresenter.swift; sourceTree = "<group>"; };
		9D872F9D22C3BC9D00CD6117 /* RecipesModulePresenter.swift */ = {isa = PBXFileReference; fileEncoding = 4; lastKnownFileType = sourcecode.swift; path = RecipesModulePresenter.swift; sourceTree = "<group>"; };
		9D872F9F22C3BC9E00CD6117 /* RecipesModuleViewToPresenter.swift */ = {isa = PBXFileReference; fileEncoding = 4; lastKnownFileType = sourcecode.swift; path = RecipesModuleViewToPresenter.swift; sourceTree = "<group>"; };
		9D872FA022C3BC9E00CD6117 /* RecipesModulePresenterToView.swift */ = {isa = PBXFileReference; fileEncoding = 4; lastKnownFileType = sourcecode.swift; path = RecipesModulePresenterToView.swift; sourceTree = "<group>"; };
		9D872FA122C3BC9E00CD6117 /* RecipesModuleViewController.swift */ = {isa = PBXFileReference; fileEncoding = 4; lastKnownFileType = sourcecode.swift; path = RecipesModuleViewController.swift; sourceTree = "<group>"; };
		9D872FAE22C3BCAE00CD6117 /* RecipesModuleConfiguratorTests.swift */ = {isa = PBXFileReference; fileEncoding = 4; lastKnownFileType = sourcecode.swift; path = RecipesModuleConfiguratorTests.swift; sourceTree = "<group>"; };
		9D872FB022C3BCAE00CD6117 /* RecipesModuleViewTests.swift */ = {isa = PBXFileReference; fileEncoding = 4; lastKnownFileType = sourcecode.swift; path = RecipesModuleViewTests.swift; sourceTree = "<group>"; };
		9D872FB222C3BCAE00CD6117 /* RecipesModulePresenterTests.swift */ = {isa = PBXFileReference; fileEncoding = 4; lastKnownFileType = sourcecode.swift; path = RecipesModulePresenterTests.swift; sourceTree = "<group>"; };
		9D872FB422C3BCAE00CD6117 /* RecipesModuleInteractorTests.swift */ = {isa = PBXFileReference; fileEncoding = 4; lastKnownFileType = sourcecode.swift; path = RecipesModuleInteractorTests.swift; sourceTree = "<group>"; };
		9D872FB622C3BCAE00CD6117 /* RecipesModuleRouterTests.swift */ = {isa = PBXFileReference; fileEncoding = 4; lastKnownFileType = sourcecode.swift; path = RecipesModuleRouterTests.swift; sourceTree = "<group>"; };
		9D872FC122C3BD9D00CD6117 /* NetworkLayer.framework */ = {isa = PBXFileReference; explicitFileType = wrapper.framework; includeInIndex = 0; path = NetworkLayer.framework; sourceTree = BUILT_PRODUCTS_DIR; };
		9D872FC322C3BD9D00CD6117 /* NetworkLayer.h */ = {isa = PBXFileReference; lastKnownFileType = sourcecode.c.h; path = NetworkLayer.h; sourceTree = "<group>"; };
		9D872FC422C3BD9D00CD6117 /* Info.plist */ = {isa = PBXFileReference; lastKnownFileType = text.plist.xml; path = Info.plist; sourceTree = "<group>"; };
		9D872FC922C3BD9E00CD6117 /* NetworkLayerTests.xctest */ = {isa = PBXFileReference; explicitFileType = wrapper.cfbundle; includeInIndex = 0; path = NetworkLayerTests.xctest; sourceTree = BUILT_PRODUCTS_DIR; };
		9D872FD022C3BD9E00CD6117 /* NetworkLayerTests.swift */ = {isa = PBXFileReference; lastKnownFileType = sourcecode.swift; path = NetworkLayerTests.swift; sourceTree = "<group>"; };
		9D872FD222C3BD9E00CD6117 /* Info.plist */ = {isa = PBXFileReference; lastKnownFileType = text.plist.xml; path = Info.plist; sourceTree = "<group>"; };
		9D872FDF22C3BE4C00CD6117 /* NetworkRequester.swift */ = {isa = PBXFileReference; fileEncoding = 4; lastKnownFileType = sourcecode.swift; path = NetworkRequester.swift; sourceTree = "<group>"; };
		9D872FE022C3BE4C00CD6117 /* BaseNetwork.swift */ = {isa = PBXFileReference; fileEncoding = 4; lastKnownFileType = sourcecode.swift; path = BaseNetwork.swift; sourceTree = "<group>"; };
		9D872FE222C3BE4C00CD6117 /* Recipe.swift */ = {isa = PBXFileReference; fileEncoding = 4; lastKnownFileType = sourcecode.swift; path = Recipe.swift; sourceTree = "<group>"; };
		9D872FE922C3BEFA00CD6117 /* Dictionary.swift */ = {isa = PBXFileReference; fileEncoding = 4; lastKnownFileType = sourcecode.swift; path = Dictionary.swift; sourceTree = "<group>"; };
		9D872FEA22C3BEFA00CD6117 /* String.swift */ = {isa = PBXFileReference; fileEncoding = 4; lastKnownFileType = sourcecode.swift; path = String.swift; sourceTree = "<group>"; };
		9DE3A5AA22574BBB00545750 /* ViperArchitecture.app */ = {isa = PBXFileReference; explicitFileType = wrapper.application; includeInIndex = 0; path = ViperArchitecture.app; sourceTree = BUILT_PRODUCTS_DIR; };
		9DE3A5AD22574BBB00545750 /* AppDelegate.swift */ = {isa = PBXFileReference; lastKnownFileType = sourcecode.swift; path = AppDelegate.swift; sourceTree = "<group>"; };
		9DE3A5B222574BBB00545750 /* Base */ = {isa = PBXFileReference; lastKnownFileType = file.storyboard; name = Base; path = Base.lproj/Main.storyboard; sourceTree = "<group>"; };
		9DE3A5B422574BBD00545750 /* Assets.xcassets */ = {isa = PBXFileReference; lastKnownFileType = folder.assetcatalog; path = Assets.xcassets; sourceTree = "<group>"; };
		9DE3A5B722574BBD00545750 /* Base */ = {isa = PBXFileReference; lastKnownFileType = file.storyboard; name = Base; path = Base.lproj/LaunchScreen.storyboard; sourceTree = "<group>"; };
		9DE3A5B922574BBD00545750 /* Info.plist */ = {isa = PBXFileReference; lastKnownFileType = text.plist.xml; path = Info.plist; sourceTree = "<group>"; };
		9DE3A5BE22574BBD00545750 /* ViperArchitectureTests.xctest */ = {isa = PBXFileReference; explicitFileType = wrapper.cfbundle; includeInIndex = 0; path = ViperArchitectureTests.xctest; sourceTree = BUILT_PRODUCTS_DIR; };
		9DE3A5C422574BBD00545750 /* Info.plist */ = {isa = PBXFileReference; lastKnownFileType = text.plist.xml; path = Info.plist; sourceTree = "<group>"; };
		9DE3A5C922574BBD00545750 /* ViperArchitectureUITests.xctest */ = {isa = PBXFileReference; explicitFileType = wrapper.cfbundle; includeInIndex = 0; path = ViperArchitectureUITests.xctest; sourceTree = BUILT_PRODUCTS_DIR; };
		9DE3A5CD22574BBD00545750 /* ViperArchitectureUITests.swift */ = {isa = PBXFileReference; lastKnownFileType = sourcecode.swift; path = ViperArchitectureUITests.swift; sourceTree = "<group>"; };
		9DE3A5CF22574BBD00545750 /* Info.plist */ = {isa = PBXFileReference; lastKnownFileType = text.plist.xml; path = Info.plist; sourceTree = "<group>"; };
		9DFC9F3922C4F12200992DB6 /* recipes.json */ = {isa = PBXFileReference; lastKnownFileType = text.json; path = recipes.json; sourceTree = "<group>"; };
/* End PBXFileReference section */

/* Begin PBXFrameworksBuildPhase section */
		9D872F6F22C3BC0100CD6117 /* Frameworks */ = {
			isa = PBXFrameworksBuildPhase;
			buildActionMask = 2147483647;
			files = (
				9D872FE722C3BE7700CD6117 /* NetworkLayer.framework in Frameworks */,
			);
			runOnlyForDeploymentPostprocessing = 0;
		};
		9D872F7722C3BC0200CD6117 /* Frameworks */ = {
			isa = PBXFrameworksBuildPhase;
			buildActionMask = 2147483647;
			files = (
				9D872F7B22C3BC0200CD6117 /* RecipesModule.framework in Frameworks */,
			);
			runOnlyForDeploymentPostprocessing = 0;
		};
		9D872FBE22C3BD9D00CD6117 /* Frameworks */ = {
			isa = PBXFrameworksBuildPhase;
			buildActionMask = 2147483647;
			files = (
			);
			runOnlyForDeploymentPostprocessing = 0;
		};
		9D872FC622C3BD9E00CD6117 /* Frameworks */ = {
			isa = PBXFrameworksBuildPhase;
			buildActionMask = 2147483647;
			files = (
				9D872FCA22C3BD9E00CD6117 /* NetworkLayer.framework in Frameworks */,
			);
			runOnlyForDeploymentPostprocessing = 0;
		};
		9DE3A5A722574BBB00545750 /* Frameworks */ = {
			isa = PBXFrameworksBuildPhase;
			buildActionMask = 2147483647;
			files = (
				9D872F8722C3BC0200CD6117 /* RecipesModule.framework in Frameworks */,
			);
			runOnlyForDeploymentPostprocessing = 0;
		};
		9DE3A5BB22574BBD00545750 /* Frameworks */ = {
			isa = PBXFrameworksBuildPhase;
			buildActionMask = 2147483647;
			files = (
			);
			runOnlyForDeploymentPostprocessing = 0;
		};
		9DE3A5C622574BBD00545750 /* Frameworks */ = {
			isa = PBXFrameworksBuildPhase;
			buildActionMask = 2147483647;
			files = (
			);
			runOnlyForDeploymentPostprocessing = 0;
		};
/* End PBXFrameworksBuildPhase section */

/* Begin PBXGroup section */
		9D872F7322C3BC0200CD6117 /* RecipesModule */ = {
			isa = PBXGroup;
			children = (
				9D872F9522C3BC9D00CD6117 /* Configurator */,
				9D872F9822C3BC9D00CD6117 /* Interactor */,
				9D872F9C22C3BC9D00CD6117 /* Presenter */,
				9D872F9222C3BC9D00CD6117 /* Router */,
				9D872F9E22C3BC9E00CD6117 /* View */,
				9D872F7422C3BC0200CD6117 /* RecipesModule.h */,
				9D872F7522C3BC0200CD6117 /* Info.plist */,
				9D0B227C22CF3984006F4149 /* Recipes.storyboard */,
			);
			path = RecipesModule;
			sourceTree = "<group>";
		};
		9D872F8022C3BC0200CD6117 /* RecipesModuleTests */ = {
			isa = PBXGroup;
			children = (
				9D872FAD22C3BCAE00CD6117 /* Configurator */,
				9D872FB322C3BCAE00CD6117 /* Interactor */,
				9D872FB122C3BCAE00CD6117 /* Presenter */,
				9D872FB522C3BCAE00CD6117 /* Router */,
				9D872FAF22C3BCAE00CD6117 /* View */,
				9D872F8322C3BC0200CD6117 /* Info.plist */,
				9DFC9F3922C4F12200992DB6 /* recipes.json */,
			);
			path = RecipesModuleTests;
			sourceTree = "<group>";
		};
		9D872F9222C3BC9D00CD6117 /* Router */ = {
			isa = PBXGroup;
			children = (
				9D872F9322C3BC9D00CD6117 /* RecipesModulePresenterToRouter.swift */,
				9D872F9422C3BC9D00CD6117 /* RecipesModuleRouter.swift */,
			);
			path = Router;
			sourceTree = "<group>";
		};
		9D872F9522C3BC9D00CD6117 /* Configurator */ = {
			isa = PBXGroup;
			children = (
				9D872F9622C3BC9D00CD6117 /* RecipesModuleConfigurator.swift */,
				9D872F9722C3BC9D00CD6117 /* RecipesModuleInitializer.swift */,
			);
			path = Configurator;
			sourceTree = "<group>";
		};
		9D872F9822C3BC9D00CD6117 /* Interactor */ = {
			isa = PBXGroup;
			children = (
				9D872F9922C3BC9D00CD6117 /* RecipesModuleInteractor.swift */,
				9D872F9A22C3BC9D00CD6117 /* RecipesModulePresenterToInteractor.swift */,
				9D872F9B22C3BC9D00CD6117 /* RecipesModuleInteractorToPresenter.swift */,
			);
			path = Interactor;
			sourceTree = "<group>";
		};
		9D872F9C22C3BC9D00CD6117 /* Presenter */ = {
			isa = PBXGroup;
			children = (
				9D872F9D22C3BC9D00CD6117 /* RecipesModulePresenter.swift */,
			);
			path = Presenter;
			sourceTree = "<group>";
		};
		9D872F9E22C3BC9E00CD6117 /* View */ = {
			isa = PBXGroup;
			children = (
				9D872F9F22C3BC9E00CD6117 /* RecipesModuleViewToPresenter.swift */,
				9D872FA022C3BC9E00CD6117 /* RecipesModulePresenterToView.swift */,
				9D872FA122C3BC9E00CD6117 /* RecipesModuleViewController.swift */,
			);
			path = View;
			sourceTree = "<group>";
		};
		9D872FAD22C3BCAE00CD6117 /* Configurator */ = {
			isa = PBXGroup;
			children = (
				9D872FAE22C3BCAE00CD6117 /* RecipesModuleConfiguratorTests.swift */,
			);
			path = Configurator;
			sourceTree = "<group>";
		};
		9D872FAF22C3BCAE00CD6117 /* View */ = {
			isa = PBXGroup;
			children = (
				9D872FB022C3BCAE00CD6117 /* RecipesModuleViewTests.swift */,
			);
			path = View;
			sourceTree = "<group>";
		};
		9D872FB122C3BCAE00CD6117 /* Presenter */ = {
			isa = PBXGroup;
			children = (
				9D872FB222C3BCAE00CD6117 /* RecipesModulePresenterTests.swift */,
			);
			path = Presenter;
			sourceTree = "<group>";
		};
		9D872FB322C3BCAE00CD6117 /* Interactor */ = {
			isa = PBXGroup;
			children = (
				9D872FB422C3BCAE00CD6117 /* RecipesModuleInteractorTests.swift */,
			);
			path = Interactor;
			sourceTree = "<group>";
		};
		9D872FB522C3BCAE00CD6117 /* Router */ = {
			isa = PBXGroup;
			children = (
				9D872FB622C3BCAE00CD6117 /* RecipesModuleRouterTests.swift */,
			);
			path = Router;
			sourceTree = "<group>";
		};
		9D872FC222C3BD9D00CD6117 /* NetworkLayer */ = {
			isa = PBXGroup;
			children = (
				9D872FE822C3BEFA00CD6117 /* extentions */,
				9D872FDE22C3BE4C00CD6117 /* Client */,
				9D872FE122C3BE4C00CD6117 /* Entity */,
				9D872FC322C3BD9D00CD6117 /* NetworkLayer.h */,
				9D872FC422C3BD9D00CD6117 /* Info.plist */,
			);
			path = NetworkLayer;
			sourceTree = "<group>";
		};
		9D872FCF22C3BD9E00CD6117 /* NetworkLayerTests */ = {
			isa = PBXGroup;
			children = (
				9D872FD022C3BD9E00CD6117 /* NetworkLayerTests.swift */,
				9D872FD222C3BD9E00CD6117 /* Info.plist */,
			);
			path = NetworkLayerTests;
			sourceTree = "<group>";
		};
		9D872FDE22C3BE4C00CD6117 /* Client */ = {
			isa = PBXGroup;
			children = (
				9D872FDF22C3BE4C00CD6117 /* NetworkRequester.swift */,
				9D872FE022C3BE4C00CD6117 /* BaseNetwork.swift */,
			);
			path = Client;
			sourceTree = "<group>";
		};
		9D872FE122C3BE4C00CD6117 /* Entity */ = {
			isa = PBXGroup;
			children = (
				9D872FE222C3BE4C00CD6117 /* Recipe.swift */,
			);
			path = Entity;
			sourceTree = "<group>";
		};
		9D872FE622C3BE7700CD6117 /* Frameworks */ = {
			isa = PBXGroup;
			children = (
			);
			name = Frameworks;
			sourceTree = "<group>";
		};
		9D872FE822C3BEFA00CD6117 /* extentions */ = {
			isa = PBXGroup;
			children = (
				9D872FE922C3BEFA00CD6117 /* Dictionary.swift */,
				9D872FEA22C3BEFA00CD6117 /* String.swift */,
			);
			path = extentions;
			sourceTree = "<group>";
		};
		9DE3A5A122574BBB00545750 = {
			isa = PBXGroup;
			children = (
				9DE3A5AC22574BBB00545750 /* ViperArchitecture */,
				9DE3A5C122574BBD00545750 /* ViperArchitectureTests */,
				9DE3A5CC22574BBD00545750 /* ViperArchitectureUITests */,
				9D872F7322C3BC0200CD6117 /* RecipesModule */,
				9D872F8022C3BC0200CD6117 /* RecipesModuleTests */,
				9D872FC222C3BD9D00CD6117 /* NetworkLayer */,
				9D872FCF22C3BD9E00CD6117 /* NetworkLayerTests */,
				9DE3A5AB22574BBB00545750 /* Products */,
				9D872FE622C3BE7700CD6117 /* Frameworks */,
			);
			sourceTree = "<group>";
		};
		9DE3A5AB22574BBB00545750 /* Products */ = {
			isa = PBXGroup;
			children = (
				9DE3A5AA22574BBB00545750 /* ViperArchitecture.app */,
				9DE3A5BE22574BBD00545750 /* ViperArchitectureTests.xctest */,
				9DE3A5C922574BBD00545750 /* ViperArchitectureUITests.xctest */,
				9D872F7222C3BC0100CD6117 /* RecipesModule.framework */,
				9D872F7A22C3BC0200CD6117 /* RecipesModuleTests.xctest */,
				9D872FC122C3BD9D00CD6117 /* NetworkLayer.framework */,
				9D872FC922C3BD9E00CD6117 /* NetworkLayerTests.xctest */,
			);
			name = Products;
			sourceTree = "<group>";
		};
		9DE3A5AC22574BBB00545750 /* ViperArchitecture */ = {
			isa = PBXGroup;
			children = (
				9DE3A65422578C1000545750 /* UIComponent */,
				9DE3A5AD22574BBB00545750 /* AppDelegate.swift */,
				9DE3A5B122574BBB00545750 /* Main.storyboard */,
				9DE3A5B422574BBD00545750 /* Assets.xcassets */,
				9DE3A5B622574BBD00545750 /* LaunchScreen.storyboard */,
				9DE3A5B922574BBD00545750 /* Info.plist */,
			);
			path = ViperArchitecture;
			sourceTree = "<group>";
		};
		9DE3A5C122574BBD00545750 /* ViperArchitectureTests */ = {
			isa = PBXGroup;
			children = (
				9DE3A5C422574BBD00545750 /* Info.plist */,
				9D872F9022C3BC8200CD6117 /* ViperArchitectureTests.swift */,
			);
			path = ViperArchitectureTests;
			sourceTree = "<group>";
		};
		9DE3A5CC22574BBD00545750 /* ViperArchitectureUITests */ = {
			isa = PBXGroup;
			children = (
				9DE3A5CD22574BBD00545750 /* ViperArchitectureUITests.swift */,
				9DE3A5CF22574BBD00545750 /* Info.plist */,
			);
			path = ViperArchitectureUITests;
			sourceTree = "<group>";
		};
		9DE3A65422578C1000545750 /* UIComponent */ = {
			isa = PBXGroup;
			children = (
			);
			path = UIComponent;
			sourceTree = "<group>";
		};
/* End PBXGroup section */

/* Begin PBXHeadersBuildPhase section */
		9D872F6D22C3BC0100CD6117 /* Headers */ = {
			isa = PBXHeadersBuildPhase;
			buildActionMask = 2147483647;
			files = (
				9D872F8422C3BC0200CD6117 /* RecipesModule.h in Headers */,
			);
			runOnlyForDeploymentPostprocessing = 0;
		};
		9D872FBC22C3BD9D00CD6117 /* Headers */ = {
			isa = PBXHeadersBuildPhase;
			buildActionMask = 2147483647;
			files = (
				9D872FD322C3BD9E00CD6117 /* NetworkLayer.h in Headers */,
			);
			runOnlyForDeploymentPostprocessing = 0;
		};
/* End PBXHeadersBuildPhase section */

/* Begin PBXNativeTarget section */
		9D872F7122C3BC0100CD6117 /* RecipesModule */ = {
			isa = PBXNativeTarget;
			buildConfigurationList = 9D872F8922C3BC0200CD6117 /* Build configuration list for PBXNativeTarget "RecipesModule" */;
			buildPhases = (
				9D872F6D22C3BC0100CD6117 /* Headers */,
				9D872F6E22C3BC0100CD6117 /* Sources */,
				9D872F6F22C3BC0100CD6117 /* Frameworks */,
				9D872F7022C3BC0100CD6117 /* Resources */,
			);
			buildRules = (
			);
			dependencies = (
			);
			name = RecipesModule;
			productName = RecipesModule;
			productReference = 9D872F7222C3BC0100CD6117 /* RecipesModule.framework */;
			productType = "com.apple.product-type.framework";
		};
		9D872F7922C3BC0200CD6117 /* RecipesModuleTests */ = {
			isa = PBXNativeTarget;
			buildConfigurationList = 9D872F8D22C3BC0200CD6117 /* Build configuration list for PBXNativeTarget "RecipesModuleTests" */;
			buildPhases = (
				9D872F7622C3BC0200CD6117 /* Sources */,
				9D872F7722C3BC0200CD6117 /* Frameworks */,
				9D872F7822C3BC0200CD6117 /* Resources */,
			);
			buildRules = (
			);
			dependencies = (
				9D872F7D22C3BC0200CD6117 /* PBXTargetDependency */,
				9D872F7F22C3BC0200CD6117 /* PBXTargetDependency */,
			);
			name = RecipesModuleTests;
			productName = RecipesModuleTests;
			productReference = 9D872F7A22C3BC0200CD6117 /* RecipesModuleTests.xctest */;
			productType = "com.apple.product-type.bundle.unit-test";
		};
		9D872FC022C3BD9D00CD6117 /* NetworkLayer */ = {
			isa = PBXNativeTarget;
			buildConfigurationList = 9D872FD822C3BD9E00CD6117 /* Build configuration list for PBXNativeTarget "NetworkLayer" */;
			buildPhases = (
				9D872FBC22C3BD9D00CD6117 /* Headers */,
				9D872FBD22C3BD9D00CD6117 /* Sources */,
				9D872FBE22C3BD9D00CD6117 /* Frameworks */,
				9D872FBF22C3BD9D00CD6117 /* Resources */,
			);
			buildRules = (
			);
			dependencies = (
			);
			name = NetworkLayer;
			productName = NetworkLayer;
			productReference = 9D872FC122C3BD9D00CD6117 /* NetworkLayer.framework */;
			productType = "com.apple.product-type.framework";
		};
		9D872FC822C3BD9E00CD6117 /* NetworkLayerTests */ = {
			isa = PBXNativeTarget;
			buildConfigurationList = 9D872FDB22C3BD9E00CD6117 /* Build configuration list for PBXNativeTarget "NetworkLayerTests" */;
			buildPhases = (
				9D872FC522C3BD9E00CD6117 /* Sources */,
				9D872FC622C3BD9E00CD6117 /* Frameworks */,
				9D872FC722C3BD9E00CD6117 /* Resources */,
			);
			buildRules = (
			);
			dependencies = (
				9D872FCC22C3BD9E00CD6117 /* PBXTargetDependency */,
				9D872FCE22C3BD9E00CD6117 /* PBXTargetDependency */,
			);
			name = NetworkLayerTests;
			productName = NetworkLayerTests;
			productReference = 9D872FC922C3BD9E00CD6117 /* NetworkLayerTests.xctest */;
			productType = "com.apple.product-type.bundle.unit-test";
		};
		9DE3A5A922574BBB00545750 /* ViperArchitecture */ = {
			isa = PBXNativeTarget;
			buildConfigurationList = 9DE3A5D222574BBD00545750 /* Build configuration list for PBXNativeTarget "ViperArchitecture" */;
			buildPhases = (
				9DE3A5A622574BBB00545750 /* Sources */,
				9DE3A5A722574BBB00545750 /* Frameworks */,
				9DE3A5A822574BBB00545750 /* Resources */,
				9D872F8C22C3BC0200CD6117 /* Embed Frameworks */,
			);
			buildRules = (
			);
			dependencies = (
				9D872F8622C3BC0200CD6117 /* PBXTargetDependency */,
			);
			name = ViperArchitecture;
			productName = ViperArchitecture;
			productReference = 9DE3A5AA22574BBB00545750 /* ViperArchitecture.app */;
			productType = "com.apple.product-type.application";
		};
		9DE3A5BD22574BBD00545750 /* ViperArchitectureTests */ = {
			isa = PBXNativeTarget;
			buildConfigurationList = 9DE3A5D522574BBD00545750 /* Build configuration list for PBXNativeTarget "ViperArchitectureTests" */;
			buildPhases = (
				9DE3A5BA22574BBD00545750 /* Sources */,
				9DE3A5BB22574BBD00545750 /* Frameworks */,
				9DE3A5BC22574BBD00545750 /* Resources */,
			);
			buildRules = (
			);
			dependencies = (
				9DE3A5C022574BBD00545750 /* PBXTargetDependency */,
			);
			name = ViperArchitectureTests;
			productName = ViperArchitectureTests;
			productReference = 9DE3A5BE22574BBD00545750 /* ViperArchitectureTests.xctest */;
			productType = "com.apple.product-type.bundle.unit-test";
		};
		9DE3A5C822574BBD00545750 /* ViperArchitectureUITests */ = {
			isa = PBXNativeTarget;
			buildConfigurationList = 9DE3A5D822574BBD00545750 /* Build configuration list for PBXNativeTarget "ViperArchitectureUITests" */;
			buildPhases = (
				9DE3A5C522574BBD00545750 /* Sources */,
				9DE3A5C622574BBD00545750 /* Frameworks */,
				9DE3A5C722574BBD00545750 /* Resources */,
			);
			buildRules = (
			);
			dependencies = (
				9DE3A5CB22574BBD00545750 /* PBXTargetDependency */,
			);
			name = ViperArchitectureUITests;
			productName = ViperArchitectureUITests;
			productReference = 9DE3A5C922574BBD00545750 /* ViperArchitectureUITests.xctest */;
			productType = "com.apple.product-type.bundle.ui-testing";
		};
/* End PBXNativeTarget section */

/* Begin PBXProject section */
		9DE3A5A222574BBB00545750 /* Project object */ = {
			isa = PBXProject;
			attributes = {
				LastSwiftUpdateCheck = 1020;
				LastUpgradeCheck = 1010;
				ORGANIZATIONNAME = Georgehadly;
				TargetAttributes = {
					9D872F7122C3BC0100CD6117 = {
						CreatedOnToolsVersion = 10.2.1;
					};
					9D872F7922C3BC0200CD6117 = {
						CreatedOnToolsVersion = 10.2.1;
						TestTargetID = 9DE3A5A922574BBB00545750;
					};
					9D872FC022C3BD9D00CD6117 = {
						CreatedOnToolsVersion = 10.2.1;
					};
					9D872FC822C3BD9E00CD6117 = {
						CreatedOnToolsVersion = 10.2.1;
						TestTargetID = 9DE3A5A922574BBB00545750;
					};
					9DE3A5A922574BBB00545750 = {
						CreatedOnToolsVersion = 10.1;
						ProvisioningStyle = Automatic;
					};
					9DE3A5BD22574BBD00545750 = {
						CreatedOnToolsVersion = 10.1;
						LastSwiftMigration = 1020;
						ProvisioningStyle = Automatic;
						TestTargetID = 9DE3A5A922574BBB00545750;
					};
					9DE3A5C822574BBD00545750 = {
						CreatedOnToolsVersion = 10.1;
						ProvisioningStyle = Automatic;
						TestTargetID = 9DE3A5A922574BBB00545750;
					};
				};
			};
			buildConfigurationList = 9DE3A5A522574BBB00545750 /* Build configuration list for PBXProject "ViperArchitecture" */;
			compatibilityVersion = "Xcode 9.3";
			developmentRegion = en;
			hasScannedForEncodings = 0;
			knownRegions = (
				en,
				Base,
			);
			mainGroup = 9DE3A5A122574BBB00545750;
			productRefGroup = 9DE3A5AB22574BBB00545750 /* Products */;
			projectDirPath = "";
			projectRoot = "";
			targets = (
				9DE3A5A922574BBB00545750 /* ViperArchitecture */,
				9DE3A5BD22574BBD00545750 /* ViperArchitectureTests */,
				9DE3A5C822574BBD00545750 /* ViperArchitectureUITests */,
				9D872F7122C3BC0100CD6117 /* RecipesModule */,
				9D872F7922C3BC0200CD6117 /* RecipesModuleTests */,
				9D872FC022C3BD9D00CD6117 /* NetworkLayer */,
				9D872FC822C3BD9E00CD6117 /* NetworkLayerTests */,
			);
		};
/* End PBXProject section */

/* Begin PBXResourcesBuildPhase section */
		9D872F7022C3BC0100CD6117 /* Resources */ = {
			isa = PBXResourcesBuildPhase;
			buildActionMask = 2147483647;
			files = (
				9D0B227D22CF3984006F4149 /* Recipes.storyboard in Resources */,
			);
			runOnlyForDeploymentPostprocessing = 0;
		};
		9D872F7822C3BC0200CD6117 /* Resources */ = {
			isa = PBXResourcesBuildPhase;
			buildActionMask = 2147483647;
			files = (
				9D0B227E22CF3E30006F4149 /* Recipes.storyboard in Resources */,
				9DFC9F3A22C4F12200992DB6 /* recipes.json in Resources */,
			);
			runOnlyForDeploymentPostprocessing = 0;
		};
		9D872FBF22C3BD9D00CD6117 /* Resources */ = {
			isa = PBXResourcesBuildPhase;
			buildActionMask = 2147483647;
			files = (
			);
			runOnlyForDeploymentPostprocessing = 0;
		};
		9D872FC722C3BD9E00CD6117 /* Resources */ = {
			isa = PBXResourcesBuildPhase;
			buildActionMask = 2147483647;
			files = (
			);
			runOnlyForDeploymentPostprocessing = 0;
		};
		9DE3A5A822574BBB00545750 /* Resources */ = {
			isa = PBXResourcesBuildPhase;
			buildActionMask = 2147483647;
			files = (
				9D0B227F22CF4031006F4149 /* Recipes.storyboard in Resources */,
				9DE3A5B822574BBD00545750 /* LaunchScreen.storyboard in Resources */,
				9DE3A5B522574BBD00545750 /* Assets.xcassets in Resources */,
				9DE3A5B322574BBB00545750 /* Main.storyboard in Resources */,
			);
			runOnlyForDeploymentPostprocessing = 0;
		};
		9DE3A5BC22574BBD00545750 /* Resources */ = {
			isa = PBXResourcesBuildPhase;
			buildActionMask = 2147483647;
			files = (
			);
			runOnlyForDeploymentPostprocessing = 0;
		};
		9DE3A5C722574BBD00545750 /* Resources */ = {
			isa = PBXResourcesBuildPhase;
			buildActionMask = 2147483647;
			files = (
			);
			runOnlyForDeploymentPostprocessing = 0;
		};
/* End PBXResourcesBuildPhase section */

/* Begin PBXSourcesBuildPhase section */
		9D872F6E22C3BC0100CD6117 /* Sources */ = {
			isa = PBXSourcesBuildPhase;
			buildActionMask = 2147483647;
			files = (
				9D872FAB22C3BC9E00CD6117 /* RecipesModulePresenterToView.swift in Sources */,
				9D872FA922C3BC9E00CD6117 /* RecipesModulePresenter.swift in Sources */,
				9D872FA322C3BC9E00CD6117 /* RecipesModuleRouter.swift in Sources */,
				9D872FA822C3BC9E00CD6117 /* RecipesModuleInteractorToPresenter.swift in Sources */,
				9D872FAC22C3BC9E00CD6117 /* RecipesModuleViewController.swift in Sources */,
				9D872FAA22C3BC9E00CD6117 /* RecipesModuleViewToPresenter.swift in Sources */,
				9D872FA222C3BC9E00CD6117 /* RecipesModulePresenterToRouter.swift in Sources */,
				9D872FA622C3BC9E00CD6117 /* RecipesModuleInteractor.swift in Sources */,
				9D872FA522C3BC9E00CD6117 /* RecipesModuleInitializer.swift in Sources */,
				9D872FA722C3BC9E00CD6117 /* RecipesModulePresenterToInteractor.swift in Sources */,
				9D872FA422C3BC9E00CD6117 /* RecipesModuleConfigurator.swift in Sources */,
			);
			runOnlyForDeploymentPostprocessing = 0;
		};
		9D872F7622C3BC0200CD6117 /* Sources */ = {
			isa = PBXSourcesBuildPhase;
			buildActionMask = 2147483647;
			files = (
				9D872FB922C3BCAE00CD6117 /* RecipesModulePresenterTests.swift in Sources */,
				9D872FBA22C3BCAE00CD6117 /* RecipesModuleInteractorTests.swift in Sources */,
				9D872FB722C3BCAE00CD6117 /* RecipesModuleConfiguratorTests.swift in Sources */,
				9D872FBB22C3BCAE00CD6117 /* RecipesModuleRouterTests.swift in Sources */,
				9D872FB822C3BCAE00CD6117 /* RecipesModuleViewTests.swift in Sources */,
			);
			runOnlyForDeploymentPostprocessing = 0;
		};
		9D872FBD22C3BD9D00CD6117 /* Sources */ = {
			isa = PBXSourcesBuildPhase;
			buildActionMask = 2147483647;
			files = (
				9D872FE522C3BE4C00CD6117 /* Recipe.swift in Sources */,
				9D872FEB22C3BEFA00CD6117 /* Dictionary.swift in Sources */,
				9D872FEC22C3BEFA00CD6117 /* String.swift in Sources */,
				9D872FE322C3BE4C00CD6117 /* NetworkRequester.swift in Sources */,
				9D872FE422C3BE4C00CD6117 /* BaseNetwork.swift in Sources */,
			);
			runOnlyForDeploymentPostprocessing = 0;
		};
		9D872FC522C3BD9E00CD6117 /* Sources */ = {
			isa = PBXSourcesBuildPhase;
			buildActionMask = 2147483647;
			files = (
				9D872FD122C3BD9E00CD6117 /* NetworkLayerTests.swift in Sources */,
			);
			runOnlyForDeploymentPostprocessing = 0;
		};
		9DE3A5A622574BBB00545750 /* Sources */ = {
			isa = PBXSourcesBuildPhase;
			buildActionMask = 2147483647;
			files = (
				9DE3A5AE22574BBB00545750 /* AppDelegate.swift in Sources */,
			);
			runOnlyForDeploymentPostprocessing = 0;
		};
		9DE3A5BA22574BBD00545750 /* Sources */ = {
			isa = PBXSourcesBuildPhase;
			buildActionMask = 2147483647;
			files = (
				9D872F9122C3BC8200CD6117 /* ViperArchitectureTests.swift in Sources */,
			);
			runOnlyForDeploymentPostprocessing = 0;
		};
		9DE3A5C522574BBD00545750 /* Sources */ = {
			isa = PBXSourcesBuildPhase;
			buildActionMask = 2147483647;
			files = (
				9DE3A5CE22574BBD00545750 /* ViperArchitectureUITests.swift in Sources */,
			);
			runOnlyForDeploymentPostprocessing = 0;
		};
/* End PBXSourcesBuildPhase section */

/* Begin PBXTargetDependency section */
		9D872F7D22C3BC0200CD6117 /* PBXTargetDependency */ = {
			isa = PBXTargetDependency;
			target = 9D872F7122C3BC0100CD6117 /* RecipesModule */;
			targetProxy = 9D872F7C22C3BC0200CD6117 /* PBXContainerItemProxy */;
		};
		9D872F7F22C3BC0200CD6117 /* PBXTargetDependency */ = {
			isa = PBXTargetDependency;
			target = 9DE3A5A922574BBB00545750 /* ViperArchitecture */;
			targetProxy = 9D872F7E22C3BC0200CD6117 /* PBXContainerItemProxy */;
		};
		9D872F8622C3BC0200CD6117 /* PBXTargetDependency */ = {
			isa = PBXTargetDependency;
			target = 9D872F7122C3BC0100CD6117 /* RecipesModule */;
			targetProxy = 9D872F8522C3BC0200CD6117 /* PBXContainerItemProxy */;
		};
		9D872FCC22C3BD9E00CD6117 /* PBXTargetDependency */ = {
			isa = PBXTargetDependency;
			target = 9D872FC022C3BD9D00CD6117 /* NetworkLayer */;
			targetProxy = 9D872FCB22C3BD9E00CD6117 /* PBXContainerItemProxy */;
		};
		9D872FCE22C3BD9E00CD6117 /* PBXTargetDependency */ = {
			isa = PBXTargetDependency;
			target = 9DE3A5A922574BBB00545750 /* ViperArchitecture */;
			targetProxy = 9D872FCD22C3BD9E00CD6117 /* PBXContainerItemProxy */;
		};
		9DE3A5C022574BBD00545750 /* PBXTargetDependency */ = {
			isa = PBXTargetDependency;
			target = 9DE3A5A922574BBB00545750 /* ViperArchitecture */;
			targetProxy = 9DE3A5BF22574BBD00545750 /* PBXContainerItemProxy */;
		};
		9DE3A5CB22574BBD00545750 /* PBXTargetDependency */ = {
			isa = PBXTargetDependency;
			target = 9DE3A5A922574BBB00545750 /* ViperArchitecture */;
			targetProxy = 9DE3A5CA22574BBD00545750 /* PBXContainerItemProxy */;
		};
/* End PBXTargetDependency section */

/* Begin PBXVariantGroup section */
		9DE3A5B122574BBB00545750 /* Main.storyboard */ = {
			isa = PBXVariantGroup;
			children = (
				9DE3A5B222574BBB00545750 /* Base */,
			);
			name = Main.storyboard;
			sourceTree = "<group>";
		};
		9DE3A5B622574BBD00545750 /* LaunchScreen.storyboard */ = {
			isa = PBXVariantGroup;
			children = (
				9DE3A5B722574BBD00545750 /* Base */,
			);
			name = LaunchScreen.storyboard;
			sourceTree = "<group>";
		};
/* End PBXVariantGroup section */

/* Begin XCBuildConfiguration section */
		9D872F8A22C3BC0200CD6117 /* Debug */ = {
			isa = XCBuildConfiguration;
			buildSettings = {
				CODE_SIGN_IDENTITY = "";
				CODE_SIGN_STYLE = Automatic;
				CURRENT_PROJECT_VERSION = 1;
				DEFINES_MODULE = YES;
				DYLIB_COMPATIBILITY_VERSION = 1;
				DYLIB_CURRENT_VERSION = 1;
				DYLIB_INSTALL_NAME_BASE = "@rpath";
				INFOPLIST_FILE = RecipesModule/Info.plist;
				INSTALL_PATH = "$(LOCAL_LIBRARY_DIR)/Frameworks";
				IPHONEOS_DEPLOYMENT_TARGET = 12.2;
				LD_RUNPATH_SEARCH_PATHS = (
					"$(inherited)",
					"@executable_path/Frameworks",
					"@loader_path/Frameworks",
				);
				PRODUCT_BUNDLE_IDENTIFIER = com.georgehadly.generamba.RecipesModule;
				PRODUCT_NAME = "$(TARGET_NAME:c99extidentifier)";
				SKIP_INSTALL = YES;
				SWIFT_OBJC_BRIDGING_HEADER = "";
				SWIFT_VERSION = 5.0;
				TARGETED_DEVICE_FAMILY = "1,2";
				VERSIONING_SYSTEM = "apple-generic";
				VERSION_INFO_PREFIX = "";
			};
			name = Debug;
		};
		9D872F8B22C3BC0200CD6117 /* Release */ = {
			isa = XCBuildConfiguration;
			buildSettings = {
				CODE_SIGN_IDENTITY = "";
				CODE_SIGN_STYLE = Automatic;
				CURRENT_PROJECT_VERSION = 1;
				DEFINES_MODULE = YES;
				DYLIB_COMPATIBILITY_VERSION = 1;
				DYLIB_CURRENT_VERSION = 1;
				DYLIB_INSTALL_NAME_BASE = "@rpath";
				INFOPLIST_FILE = RecipesModule/Info.plist;
				INSTALL_PATH = "$(LOCAL_LIBRARY_DIR)/Frameworks";
				IPHONEOS_DEPLOYMENT_TARGET = 12.2;
				LD_RUNPATH_SEARCH_PATHS = (
					"$(inherited)",
					"@executable_path/Frameworks",
					"@loader_path/Frameworks",
				);
				PRODUCT_BUNDLE_IDENTIFIER = com.georgehadly.generamba.RecipesModule;
				PRODUCT_NAME = "$(TARGET_NAME:c99extidentifier)";
				SKIP_INSTALL = YES;
				SWIFT_OBJC_BRIDGING_HEADER = "";
				SWIFT_VERSION = 5.0;
				TARGETED_DEVICE_FAMILY = "1,2";
				VERSIONING_SYSTEM = "apple-generic";
				VERSION_INFO_PREFIX = "";
			};
			name = Release;
		};
		9D872F8E22C3BC0200CD6117 /* Debug */ = {
			isa = XCBuildConfiguration;
			buildSettings = {
				ALWAYS_EMBED_SWIFT_STANDARD_LIBRARIES = YES;
				CODE_SIGN_STYLE = Automatic;
				DEVELOPMENT_TEAM = B577JNBT8A;
				INFOPLIST_FILE = RecipesModuleTests/Info.plist;
				IPHONEOS_DEPLOYMENT_TARGET = 12.2;
				LD_RUNPATH_SEARCH_PATHS = (
					"$(inherited)",
					"@executable_path/Frameworks",
					"@loader_path/Frameworks",
				);
				PRODUCT_BUNDLE_IDENTIFIER = com.georgehadly.generamba.RecipesModuleTests;
				PRODUCT_NAME = "$(TARGET_NAME)";
				SWIFT_VERSION = 5.0;
				TARGETED_DEVICE_FAMILY = "1,2";
				TEST_HOST = "$(BUILT_PRODUCTS_DIR)/ViperArchitecture.app/ViperArchitecture";
			};
			name = Debug;
		};
		9D872F8F22C3BC0200CD6117 /* Release */ = {
			isa = XCBuildConfiguration;
			buildSettings = {
				ALWAYS_EMBED_SWIFT_STANDARD_LIBRARIES = YES;
				CODE_SIGN_STYLE = Automatic;
				DEVELOPMENT_TEAM = B577JNBT8A;
				INFOPLIST_FILE = RecipesModuleTests/Info.plist;
				IPHONEOS_DEPLOYMENT_TARGET = 12.2;
				LD_RUNPATH_SEARCH_PATHS = (
					"$(inherited)",
					"@executable_path/Frameworks",
					"@loader_path/Frameworks",
				);
				PRODUCT_BUNDLE_IDENTIFIER = com.georgehadly.generamba.RecipesModuleTests;
				PRODUCT_NAME = "$(TARGET_NAME)";
				SWIFT_VERSION = 5.0;
				TARGETED_DEVICE_FAMILY = "1,2";
				TEST_HOST = "$(BUILT_PRODUCTS_DIR)/ViperArchitecture.app/ViperArchitecture";
			};
			name = Release;
		};
		9D872FD922C3BD9E00CD6117 /* Debug */ = {
			isa = XCBuildConfiguration;
			buildSettings = {
				CODE_SIGN_IDENTITY = "";
				CODE_SIGN_STYLE = Automatic;
				CURRENT_PROJECT_VERSION = 1;
				DEFINES_MODULE = YES;
				DYLIB_COMPATIBILITY_VERSION = 1;
				DYLIB_CURRENT_VERSION = 1;
				DYLIB_INSTALL_NAME_BASE = "@rpath";
				INFOPLIST_FILE = NetworkLayer/Info.plist;
				INSTALL_PATH = "$(LOCAL_LIBRARY_DIR)/Frameworks";
				IPHONEOS_DEPLOYMENT_TARGET = 12.2;
				LD_RUNPATH_SEARCH_PATHS = (
					"$(inherited)",
					"@executable_path/Frameworks",
					"@loader_path/Frameworks",
				);
				PRODUCT_BUNDLE_IDENTIFIER = com.georgehadly.generamba.NetworkLayer;
				PRODUCT_NAME = "$(TARGET_NAME:c99extidentifier)";
				SKIP_INSTALL = YES;
				SWIFT_VERSION = 5.0;
				TARGETED_DEVICE_FAMILY = "1,2";
				VERSIONING_SYSTEM = "apple-generic";
				VERSION_INFO_PREFIX = "";
			};
			name = Debug;
		};
		9D872FDA22C3BD9E00CD6117 /* Release */ = {
			isa = XCBuildConfiguration;
			buildSettings = {
				CODE_SIGN_IDENTITY = "";
				CODE_SIGN_STYLE = Automatic;
				CURRENT_PROJECT_VERSION = 1;
				DEFINES_MODULE = YES;
				DYLIB_COMPATIBILITY_VERSION = 1;
				DYLIB_CURRENT_VERSION = 1;
				DYLIB_INSTALL_NAME_BASE = "@rpath";
				INFOPLIST_FILE = NetworkLayer/Info.plist;
				INSTALL_PATH = "$(LOCAL_LIBRARY_DIR)/Frameworks";
				IPHONEOS_DEPLOYMENT_TARGET = 12.2;
				LD_RUNPATH_SEARCH_PATHS = (
					"$(inherited)",
					"@executable_path/Frameworks",
					"@loader_path/Frameworks",
				);
				PRODUCT_BUNDLE_IDENTIFIER = com.georgehadly.generamba.NetworkLayer;
				PRODUCT_NAME = "$(TARGET_NAME:c99extidentifier)";
				SKIP_INSTALL = YES;
				SWIFT_VERSION = 5.0;
				TARGETED_DEVICE_FAMILY = "1,2";
				VERSIONING_SYSTEM = "apple-generic";
				VERSION_INFO_PREFIX = "";
			};
			name = Release;
		};
		9D872FDC22C3BD9E00CD6117 /* Debug */ = {
			isa = XCBuildConfiguration;
			buildSettings = {
				ALWAYS_EMBED_SWIFT_STANDARD_LIBRARIES = YES;
				CODE_SIGN_STYLE = Automatic;
				DEVELOPMENT_TEAM = B577JNBT8A;
				INFOPLIST_FILE = NetworkLayerTests/Info.plist;
				IPHONEOS_DEPLOYMENT_TARGET = 12.2;
				LD_RUNPATH_SEARCH_PATHS = (
					"$(inherited)",
					"@executable_path/Frameworks",
					"@loader_path/Frameworks",
				);
				PRODUCT_BUNDLE_IDENTIFIER = com.georgehadly.generamba.NetworkLayerTests;
				PRODUCT_NAME = "$(TARGET_NAME)";
				SWIFT_VERSION = 5.0;
				TARGETED_DEVICE_FAMILY = "1,2";
				TEST_HOST = "$(BUILT_PRODUCTS_DIR)/ViperArchitecture.app/ViperArchitecture";
			};
			name = Debug;
		};
		9D872FDD22C3BD9E00CD6117 /* Release */ = {
			isa = XCBuildConfiguration;
			buildSettings = {
				ALWAYS_EMBED_SWIFT_STANDARD_LIBRARIES = YES;
				CODE_SIGN_STYLE = Automatic;
				DEVELOPMENT_TEAM = B577JNBT8A;
				INFOPLIST_FILE = NetworkLayerTests/Info.plist;
				IPHONEOS_DEPLOYMENT_TARGET = 12.2;
				LD_RUNPATH_SEARCH_PATHS = (
					"$(inherited)",
					"@executable_path/Frameworks",
					"@loader_path/Frameworks",
				);
				PRODUCT_BUNDLE_IDENTIFIER = com.georgehadly.generamba.NetworkLayerTests;
				PRODUCT_NAME = "$(TARGET_NAME)";
				SWIFT_VERSION = 5.0;
				TARGETED_DEVICE_FAMILY = "1,2";
				TEST_HOST = "$(BUILT_PRODUCTS_DIR)/ViperArchitecture.app/ViperArchitecture";
			};
			name = Release;
		};
		9DE3A5D022574BBD00545750 /* Debug */ = {
			isa = XCBuildConfiguration;
			buildSettings = {
				ALWAYS_SEARCH_USER_PATHS = NO;
				CLANG_ANALYZER_NONNULL = YES;
				CLANG_ANALYZER_NUMBER_OBJECT_CONVERSION = YES_AGGRESSIVE;
				CLANG_CXX_LANGUAGE_STANDARD = "gnu++14";
				CLANG_CXX_LIBRARY = "libc++";
				CLANG_ENABLE_MODULES = YES;
				CLANG_ENABLE_OBJC_ARC = YES;
				CLANG_ENABLE_OBJC_WEAK = YES;
				CLANG_WARN_BLOCK_CAPTURE_AUTORELEASING = YES;
				CLANG_WARN_BOOL_CONVERSION = YES;
				CLANG_WARN_COMMA = YES;
				CLANG_WARN_CONSTANT_CONVERSION = YES;
				CLANG_WARN_DEPRECATED_OBJC_IMPLEMENTATIONS = YES;
				CLANG_WARN_DIRECT_OBJC_ISA_USAGE = YES_ERROR;
				CLANG_WARN_DOCUMENTATION_COMMENTS = YES;
				CLANG_WARN_EMPTY_BODY = YES;
				CLANG_WARN_ENUM_CONVERSION = YES;
				CLANG_WARN_INFINITE_RECURSION = YES;
				CLANG_WARN_INT_CONVERSION = YES;
				CLANG_WARN_NON_LITERAL_NULL_CONVERSION = YES;
				CLANG_WARN_OBJC_IMPLICIT_RETAIN_SELF = YES;
				CLANG_WARN_OBJC_LITERAL_CONVERSION = YES;
				CLANG_WARN_OBJC_ROOT_CLASS = YES_ERROR;
				CLANG_WARN_RANGE_LOOP_ANALYSIS = YES;
				CLANG_WARN_STRICT_PROTOTYPES = YES;
				CLANG_WARN_SUSPICIOUS_MOVE = YES;
				CLANG_WARN_UNGUARDED_AVAILABILITY = YES_AGGRESSIVE;
				CLANG_WARN_UNREACHABLE_CODE = YES;
				CLANG_WARN__DUPLICATE_METHOD_MATCH = YES;
				CODE_SIGN_IDENTITY = "iPhone Developer";
				COPY_PHASE_STRIP = NO;
				DEBUG_INFORMATION_FORMAT = dwarf;
				ENABLE_STRICT_OBJC_MSGSEND = YES;
				ENABLE_TESTABILITY = YES;
				GCC_C_LANGUAGE_STANDARD = gnu11;
				GCC_DYNAMIC_NO_PIC = NO;
				GCC_NO_COMMON_BLOCKS = YES;
				GCC_OPTIMIZATION_LEVEL = 0;
				GCC_PREPROCESSOR_DEFINITIONS = (
					"DEBUG=1",
					"$(inherited)",
				);
				GCC_WARN_64_TO_32_BIT_CONVERSION = YES;
				GCC_WARN_ABOUT_RETURN_TYPE = YES_ERROR;
				GCC_WARN_UNDECLARED_SELECTOR = YES;
				GCC_WARN_UNINITIALIZED_AUTOS = YES_AGGRESSIVE;
				GCC_WARN_UNUSED_FUNCTION = YES;
				GCC_WARN_UNUSED_VARIABLE = YES;
				IPHONEOS_DEPLOYMENT_TARGET = 12.1;
				MTL_ENABLE_DEBUG_INFO = INCLUDE_SOURCE;
				MTL_FAST_MATH = YES;
				ONLY_ACTIVE_ARCH = YES;
				SDKROOT = iphoneos;
				SWIFT_ACTIVE_COMPILATION_CONDITIONS = DEBUG;
				SWIFT_OPTIMIZATION_LEVEL = "-Onone";
			};
			name = Debug;
		};
		9DE3A5D122574BBD00545750 /* Release */ = {
			isa = XCBuildConfiguration;
			buildSettings = {
				ALWAYS_SEARCH_USER_PATHS = NO;
				CLANG_ANALYZER_NONNULL = YES;
				CLANG_ANALYZER_NUMBER_OBJECT_CONVERSION = YES_AGGRESSIVE;
				CLANG_CXX_LANGUAGE_STANDARD = "gnu++14";
				CLANG_CXX_LIBRARY = "libc++";
				CLANG_ENABLE_MODULES = YES;
				CLANG_ENABLE_OBJC_ARC = YES;
				CLANG_ENABLE_OBJC_WEAK = YES;
				CLANG_WARN_BLOCK_CAPTURE_AUTORELEASING = YES;
				CLANG_WARN_BOOL_CONVERSION = YES;
				CLANG_WARN_COMMA = YES;
				CLANG_WARN_CONSTANT_CONVERSION = YES;
				CLANG_WARN_DEPRECATED_OBJC_IMPLEMENTATIONS = YES;
				CLANG_WARN_DIRECT_OBJC_ISA_USAGE = YES_ERROR;
				CLANG_WARN_DOCUMENTATION_COMMENTS = YES;
				CLANG_WARN_EMPTY_BODY = YES;
				CLANG_WARN_ENUM_CONVERSION = YES;
				CLANG_WARN_INFINITE_RECURSION = YES;
				CLANG_WARN_INT_CONVERSION = YES;
				CLANG_WARN_NON_LITERAL_NULL_CONVERSION = YES;
				CLANG_WARN_OBJC_IMPLICIT_RETAIN_SELF = YES;
				CLANG_WARN_OBJC_LITERAL_CONVERSION = YES;
				CLANG_WARN_OBJC_ROOT_CLASS = YES_ERROR;
				CLANG_WARN_RANGE_LOOP_ANALYSIS = YES;
				CLANG_WARN_STRICT_PROTOTYPES = YES;
				CLANG_WARN_SUSPICIOUS_MOVE = YES;
				CLANG_WARN_UNGUARDED_AVAILABILITY = YES_AGGRESSIVE;
				CLANG_WARN_UNREACHABLE_CODE = YES;
				CLANG_WARN__DUPLICATE_METHOD_MATCH = YES;
				CODE_SIGN_IDENTITY = "iPhone Developer";
				COPY_PHASE_STRIP = NO;
				DEBUG_INFORMATION_FORMAT = "dwarf-with-dsym";
				ENABLE_NS_ASSERTIONS = NO;
				ENABLE_STRICT_OBJC_MSGSEND = YES;
				GCC_C_LANGUAGE_STANDARD = gnu11;
				GCC_NO_COMMON_BLOCKS = YES;
				GCC_WARN_64_TO_32_BIT_CONVERSION = YES;
				GCC_WARN_ABOUT_RETURN_TYPE = YES_ERROR;
				GCC_WARN_UNDECLARED_SELECTOR = YES;
				GCC_WARN_UNINITIALIZED_AUTOS = YES_AGGRESSIVE;
				GCC_WARN_UNUSED_FUNCTION = YES;
				GCC_WARN_UNUSED_VARIABLE = YES;
				IPHONEOS_DEPLOYMENT_TARGET = 12.1;
				MTL_ENABLE_DEBUG_INFO = NO;
				MTL_FAST_MATH = YES;
				SDKROOT = iphoneos;
				SWIFT_COMPILATION_MODE = wholemodule;
				SWIFT_OPTIMIZATION_LEVEL = "-O";
				VALIDATE_PRODUCT = YES;
			};
			name = Release;
		};
		9DE3A5D322574BBD00545750 /* Debug */ = {
			isa = XCBuildConfiguration;
			buildSettings = {
				ALWAYS_EMBED_SWIFT_STANDARD_LIBRARIES = YES;
				ASSETCATALOG_COMPILER_APPICON_NAME = AppIcon;
				CODE_SIGN_STYLE = Automatic;
				DEFINES_MODULE = YES;
				INFOPLIST_FILE = ViperArchitecture/Info.plist;
				LD_RUNPATH_SEARCH_PATHS = (
					"$(inherited)",
					"@executable_path/Frameworks",
				);
				MODULE_NAME = ViperArchitecture;
				PRODUCT_BUNDLE_IDENTIFIER = com.viper.ViperArchitecture;
				PRODUCT_NAME = "$(TARGET_NAME)";
				SWIFT_VERSION = 4.2;
				TARGETED_DEVICE_FAMILY = "1,2";
			};
			name = Debug;
		};
		9DE3A5D422574BBD00545750 /* Release */ = {
			isa = XCBuildConfiguration;
			buildSettings = {
				ALWAYS_EMBED_SWIFT_STANDARD_LIBRARIES = YES;
				ASSETCATALOG_COMPILER_APPICON_NAME = AppIcon;
				CODE_SIGN_STYLE = Automatic;
				DEFINES_MODULE = YES;
				INFOPLIST_FILE = ViperArchitecture/Info.plist;
				LD_RUNPATH_SEARCH_PATHS = (
					"$(inherited)",
					"@executable_path/Frameworks",
				);
				MODULE_NAME = ViperArchitecture;
				PRODUCT_BUNDLE_IDENTIFIER = com.viper.ViperArchitecture;
				PRODUCT_NAME = "$(TARGET_NAME)";
				SWIFT_VERSION = 4.2;
				TARGETED_DEVICE_FAMILY = "1,2";
			};
			name = Release;
		};
		9DE3A5D622574BBD00545750 /* Debug */ = {
			isa = XCBuildConfiguration;
			buildSettings = {
				ALWAYS_EMBED_SWIFT_STANDARD_LIBRARIES = YES;
				BUNDLE_LOADER = "$(TEST_HOST)";
				CLANG_ENABLE_MODULES = YES;
				CODE_SIGN_STYLE = Automatic;
				INFOPLIST_FILE = ViperArchitectureTests/Info.plist;
				LD_RUNPATH_SEARCH_PATHS = (
					"$(inherited)",
					"@executable_path/Frameworks",
					"@loader_path/Frameworks",
				);
				PRODUCT_BUNDLE_IDENTIFIER = com.viper.ViperArchitectureTests;
				PRODUCT_NAME = "$(TARGET_NAME)";
				SWIFT_OPTIMIZATION_LEVEL = "-Onone";
				SWIFT_VERSION = 4.2;
				TARGETED_DEVICE_FAMILY = "1,2";
				TEST_HOST = "$(BUILT_PRODUCTS_DIR)/ViperArchitecture.app/ViperArchitecture";
			};
			name = Debug;
		};
		9DE3A5D722574BBD00545750 /* Release */ = {
			isa = XCBuildConfiguration;
			buildSettings = {
				ALWAYS_EMBED_SWIFT_STANDARD_LIBRARIES = YES;
				BUNDLE_LOADER = "$(TEST_HOST)";
				CLANG_ENABLE_MODULES = YES;
				CODE_SIGN_STYLE = Automatic;
				INFOPLIST_FILE = ViperArchitectureTests/Info.plist;
				LD_RUNPATH_SEARCH_PATHS = (
					"$(inherited)",
					"@executable_path/Frameworks",
					"@loader_path/Frameworks",
				);
				PRODUCT_BUNDLE_IDENTIFIER = com.viper.ViperArchitectureTests;
				PRODUCT_NAME = "$(TARGET_NAME)";
				SWIFT_VERSION = 4.2;
				TARGETED_DEVICE_FAMILY = "1,2";
				TEST_HOST = "$(BUILT_PRODUCTS_DIR)/ViperArchitecture.app/ViperArchitecture";
			};
			name = Release;
		};
		9DE3A5D922574BBD00545750 /* Debug */ = {
			isa = XCBuildConfiguration;
			buildSettings = {
				ALWAYS_EMBED_SWIFT_STANDARD_LIBRARIES = YES;
				CODE_SIGN_STYLE = Automatic;
				INFOPLIST_FILE = ViperArchitectureUITests/Info.plist;
				LD_RUNPATH_SEARCH_PATHS = (
					"$(inherited)",
					"@executable_path/Frameworks",
					"@loader_path/Frameworks",
				);
				PRODUCT_BUNDLE_IDENTIFIER = com.viper.ViperArchitectureUITests;
				PRODUCT_NAME = "$(TARGET_NAME)";
				SWIFT_VERSION = 4.2;
				TARGETED_DEVICE_FAMILY = "1,2";
				TEST_TARGET_NAME = ViperArchitecture;
			};
			name = Debug;
		};
		9DE3A5DA22574BBD00545750 /* Release */ = {
			isa = XCBuildConfiguration;
			buildSettings = {
				ALWAYS_EMBED_SWIFT_STANDARD_LIBRARIES = YES;
				CODE_SIGN_STYLE = Automatic;
				INFOPLIST_FILE = ViperArchitectureUITests/Info.plist;
				LD_RUNPATH_SEARCH_PATHS = (
					"$(inherited)",
					"@executable_path/Frameworks",
					"@loader_path/Frameworks",
				);
				PRODUCT_BUNDLE_IDENTIFIER = com.viper.ViperArchitectureUITests;
				PRODUCT_NAME = "$(TARGET_NAME)";
				SWIFT_VERSION = 4.2;
				TARGETED_DEVICE_FAMILY = "1,2";
				TEST_TARGET_NAME = ViperArchitecture;
			};
			name = Release;
		};
/* End XCBuildConfiguration section */

/* Begin XCConfigurationList section */
		9D872F8922C3BC0200CD6117 /* Build configuration list for PBXNativeTarget "RecipesModule" */ = {
			isa = XCConfigurationList;
			buildConfigurations = (
				9D872F8A22C3BC0200CD6117 /* Debug */,
				9D872F8B22C3BC0200CD6117 /* Release */,
			);
			defaultConfigurationIsVisible = 0;
			defaultConfigurationName = Release;
		};
		9D872F8D22C3BC0200CD6117 /* Build configuration list for PBXNativeTarget "RecipesModuleTests" */ = {
			isa = XCConfigurationList;
			buildConfigurations = (
				9D872F8E22C3BC0200CD6117 /* Debug */,
				9D872F8F22C3BC0200CD6117 /* Release */,
			);
			defaultConfigurationIsVisible = 0;
			defaultConfigurationName = Release;
		};
		9D872FD822C3BD9E00CD6117 /* Build configuration list for PBXNativeTarget "NetworkLayer" */ = {
			isa = XCConfigurationList;
			buildConfigurations = (
				9D872FD922C3BD9E00CD6117 /* Debug */,
				9D872FDA22C3BD9E00CD6117 /* Release */,
			);
			defaultConfigurationIsVisible = 0;
			defaultConfigurationName = Release;
		};
		9D872FDB22C3BD9E00CD6117 /* Build configuration list for PBXNativeTarget "NetworkLayerTests" */ = {
			isa = XCConfigurationList;
			buildConfigurations = (
				9D872FDC22C3BD9E00CD6117 /* Debug */,
				9D872FDD22C3BD9E00CD6117 /* Release */,
			);
			defaultConfigurationIsVisible = 0;
			defaultConfigurationName = Release;
		};
		9DE3A5A522574BBB00545750 /* Build configuration list for PBXProject "ViperArchitecture" */ = {
			isa = XCConfigurationList;
			buildConfigurations = (
				9DE3A5D022574BBD00545750 /* Debug */,
				9DE3A5D122574BBD00545750 /* Release */,
			);
			defaultConfigurationIsVisible = 0;
			defaultConfigurationName = Release;
		};
		9DE3A5D222574BBD00545750 /* Build configuration list for PBXNativeTarget "ViperArchitecture" */ = {
			isa = XCConfigurationList;
			buildConfigurations = (
				9DE3A5D322574BBD00545750 /* Debug */,
				9DE3A5D422574BBD00545750 /* Release */,
			);
			defaultConfigurationIsVisible = 0;
			defaultConfigurationName = Release;
		};
		9DE3A5D522574BBD00545750 /* Build configuration list for PBXNativeTarget "ViperArchitectureTests" */ = {
			isa = XCConfigurationList;
			buildConfigurations = (
				9DE3A5D622574BBD00545750 /* Debug */,
				9DE3A5D722574BBD00545750 /* Release */,
			);
			defaultConfigurationIsVisible = 0;
			defaultConfigurationName = Release;
		};
		9DE3A5D822574BBD00545750 /* Build configuration list for PBXNativeTarget "ViperArchitectureUITests" */ = {
			isa = XCConfigurationList;
			buildConfigurations = (
				9DE3A5D922574BBD00545750 /* Debug */,
				9DE3A5DA22574BBD00545750 /* Release */,
			);
			defaultConfigurationIsVisible = 0;
			defaultConfigurationName = Release;
		};
/* End XCConfigurationList section */
	};
	rootObject = 9DE3A5A222574BBB00545750 /* Project object */;
}
